// !$*UTF8*$!
{
	archiveVersion = 1;
	classes = {
	};
	objectVersion = 70;
	objects = {

/* Begin PBXBuildFile section */
		8B7B90EC2F54C77000B7FB0C /* Secrets.plist in Resources */ = {isa = PBXBuildFile; fileRef = 8B7B90EB2F54C72300B7FB0C /* Secrets.plist */; };
		8B8FC0012F4E9AEF0068B4B7 /* FirebaseMessaging in Frameworks */ = {isa = PBXBuildFile; productRef = 8BE1FAC52F4E8A70006ED44D /* FirebaseMessaging */; };
		8BB2986E2F671AAA007008DC /* WellReadShareExtension.appex in Embed Foundation Extensions */ = {isa = PBXBuildFile; fileRef = 8BB298642F671AAA007008DC /* WellReadShareExtension.appex */; settings = {ATTRIBUTES = (RemoveHeadersOnCopy, ); }; };
		8BB4CBC02F4E9AEF0068B4B6 /* FirebaseCore in Frameworks */ = {isa = PBXBuildFile; productRef = 8BE1FABE2F4E8A70006ED44D /* FirebaseCore */; };
		8BB4CBC32F4E9F2B0068B4B6 /* WellRead Firebase Service Info.plist in Resources */ = {isa = PBXBuildFile; fileRef = 8BB4CBC22F4E9F2B0068B4B6 /* WellRead Firebase Service Info.plist */; };
		8BB4CBC62F4E9AEF0068B4B6 /* FirebaseAuth in Frameworks */ = {isa = PBXBuildFile; productRef = 8BE1FABF2F4E8A70006ED44D /* FirebaseAuth */; };
		8BB4CBC72F4E9AEF0068B4B6 /* FirebaseFirestore in Frameworks */ = {isa = PBXBuildFile; productRef = 8BE1FAC32F4E8A70006ED44D /* FirebaseFirestore */; };
		8BB4CBC82F4E8B00006ED44D /* GoogleSignIn in Frameworks */ = {isa = PBXBuildFile; productRef = 8BE1FAC22F4E8B00006ED44D /* GoogleSignIn */; };
		8BB4CBC92F4E9AEF0068B4B6 /* FirebaseStorage in Frameworks */ = {isa = PBXBuildFile; productRef = 8BE1FAC42F4E8A70006ED44D /* FirebaseStorage */; };
		8BB4CBCA2F4E9AEF0068B4B6 /* FirebaseFunctions in Frameworks */ = {isa = PBXBuildFile; productRef = 8BE1FAC72F4E8A70006ED44D /* FirebaseFunctions */; };
		B0010001 /* WellReadApp.swift in Sources */ = {isa = PBXBuildFile; fileRef = F0010001 /* WellReadApp.swift */; };
		B0010002 /* RootView.swift in Sources */ = {isa = PBXBuildFile; fileRef = F0010002 /* RootView.swift */; };
		B0010003 /* AppState.swift in Sources */ = {isa = PBXBuildFile; fileRef = F0010003 /* AppState.swift */; };
		B0010004 /* Theme.swift in Sources */ = {isa = PBXBuildFile; fileRef = F0010004 /* Theme.swift */; };
		B0010005 /* User.swift in Sources */ = {isa = PBXBuildFile; fileRef = F0010005 /* User.swift */; };
		B0010006 /* Book.swift in Sources */ = {isa = PBXBuildFile; fileRef = F0010006 /* Book.swift */; };
		B0010007 /* Comment.swift in Sources */ = {isa = PBXBuildFile; fileRef = F0010007 /* Comment.swift */; };
		B0010008 /* Post.swift in Sources */ = {isa = PBXBuildFile; fileRef = F0010008 /* Post.swift */; };
		B0010009 /* UserBook.swift in Sources */ = {isa = PBXBuildFile; fileRef = F0010009 /* UserBook.swift */; };
		B001000A /* GoogleBooksService.swift in Sources */ = {isa = PBXBuildFile; fileRef = F001000A /* GoogleBooksService.swift */; };
		B001000B /* MainTabView.swift in Sources */ = {isa = PBXBuildFile; fileRef = F001000B /* MainTabView.swift */; };
		B001000C /* OnboardingFlowView.swift in Sources */ = {isa = PBXBuildFile; fileRef = F001000C /* OnboardingFlowView.swift */; };
		B001000D /* AddBookFlowView.swift in Sources */ = {isa = PBXBuildFile; fileRef = F001000D /* AddBookFlowView.swift */; };
		B001000E /* BookSearchRow.swift in Sources */ = {isa = PBXBuildFile; fileRef = F001000E /* BookSearchRow.swift */; };
		B001000F /* BookCoverView.swift in Sources */ = {isa = PBXBuildFile; fileRef = F001000F /* BookCoverView.swift */; };
		B0010010 /* FeedView.swift in Sources */ = {isa = PBXBuildFile; fileRef = F0010010 /* FeedView.swift */; };
		B0010011 /* DiscoverView.swift in Sources */ = {isa = PBXBuildFile; fileRef = F0010011 /* DiscoverView.swift */; };
		B0010012 /* LibraryView.swift in Sources */ = {isa = PBXBuildFile; fileRef = F0010012 /* LibraryView.swift */; };
		B0010013 /* GridLibraryView.swift in Sources */ = {isa = PBXBuildFile; fileRef = F0010013 /* GridLibraryView.swift */; };
		B0010014 /* RatingLibraryView.swift in Sources */ = {isa = PBXBuildFile; fileRef = F0010014 /* RatingLibraryView.swift */; };
		B0010015 /* TierListView.swift in Sources */ = {isa = PBXBuildFile; fileRef = F0010015 /* TierListView.swift */; };
		B0010016 /* TimelineLibraryView.swift in Sources */ = {isa = PBXBuildFile; fileRef = F0010016 /* TimelineLibraryView.swift */; };
		B0010017 /* ProfileView.swift in Sources */ = {isa = PBXBuildFile; fileRef = F0010017 /* ProfileView.swift */; };
		B0010018 /* Assets.xcassets in Resources */ = {isa = PBXBuildFile; fileRef = F0010019 /* Assets.xcassets */; };
		B0010019 /* (null) in Resources */ = {isa = PBXBuildFile; };
		B001001A /* WellRead/GoogleService-Info.plist in Resources */ = {isa = PBXBuildFile; fileRef = 8BE1FAC02F4E8A70006ED44D /* WellRead/GoogleService-Info.plist */; };
		B0010020 /* AuthService.swift in Sources */ = {isa = PBXBuildFile; fileRef = F0010020 /* AuthService.swift */; };
		B0010021 /* UserRepository.swift in Sources */ = {isa = PBXBuildFile; fileRef = F0010021 /* UserRepository.swift */; };
		B0010022 /* RootViewController.swift in Sources */ = {isa = PBXBuildFile; fileRef = F0010022 /* RootViewController.swift */; };
		B0010023 /* BookRepository.swift in Sources */ = {isa = PBXBuildFile; fileRef = F0010023 /* BookRepository.swift */; };
		B0010024 /* UserBookRepository.swift in Sources */ = {isa = PBXBuildFile; fileRef = F0010024 /* UserBookRepository.swift */; };
		B0010025 /* PostRepository.swift in Sources */ = {isa = PBXBuildFile; fileRef = F0010025 /* PostRepository.swift */; };
		B0010026 /* CommentRepository.swift in Sources */ = {isa = PBXBuildFile; fileRef = F0010026 /* CommentRepository.swift */; };
		B0010027 /* ApiKeys.swift in Sources */ = {isa = PBXBuildFile; fileRef = F0010027 /* ApiKeys.swift */; };
		B0010028 /* ClaudeService.swift in Sources */ = {isa = PBXBuildFile; fileRef = F0010028 /* ClaudeService.swift */; };
		B0010029 /* ReviewerLoginView.swift in Sources */ = {isa = PBXBuildFile; fileRef = F0010029 /* ReviewerLoginView.swift */; };
		B001002A /* LocalLibraryCache.swift in Sources */ = {isa = PBXBuildFile; fileRef = F001002A /* LocalLibraryCache.swift */; };
		B001002B /* BookProfileView.swift in Sources */ = {isa = PBXBuildFile; fileRef = F001002B /* BookProfileView.swift */; };
		B001002C /* BookProfileService.swift in Sources */ = {isa = PBXBuildFile; fileRef = F001002C /* BookProfileService.swift */; };
		B001002D /* DismissedSuggestionsRepository.swift in Sources */ = {isa = PBXBuildFile; fileRef = F001002D /* DismissedSuggestionsRepository.swift */; };
		B001002E /* DiscoverSuggestionsService.swift in Sources */ = {isa = PBXBuildFile; fileRef = F001002E /* DiscoverSuggestionsService.swift */; };
		B001002F /* ProfilePhotoService.swift in Sources */ = {isa = PBXBuildFile; fileRef = F001002F /* ProfilePhotoService.swift */; };
		B0010030 /* CommentsView.swift in Sources */ = {isa = PBXBuildFile; fileRef = F0010030 /* CommentsView.swift */; };
		B0010032 /* GoodreadsCSVParser.swift in Sources */ = {isa = PBXBuildFile; fileRef = F0010032 /* GoodreadsCSVParser.swift */; };
		B0010033 /* GoodreadsImportService.swift in Sources */ = {isa = PBXBuildFile; fileRef = F0010033 /* GoodreadsImportService.swift */; };
		B0010034 /* GoodreadsImportView.swift in Sources */ = {isa = PBXBuildFile; fileRef = F0010034 /* GoodreadsImportView.swift */; };
		B0010035 /* GoodreadsShareHelper.swift in Sources */ = {isa = PBXBuildFile; fileRef = F0010035 /* GoodreadsShareHelper.swift */; };
		B0010036 /* QueueLibraryView.swift in Sources */ = {isa = PBXBuildFile; fileRef = F0010036 /* QueueLibraryView.swift */; };
		B0010037 /* ProfileCompletionView.swift in Sources */ = {isa = PBXBuildFile; fileRef = F0010037 /* ProfileCompletionView.swift */; };
		B0010038 /* Tags.csv in Resources */ = {isa = PBXBuildFile; fileRef = F0010038 /* Tags.csv */; };
		B0010039 /* WellReadTagCatalog.swift in Sources */ = {isa = PBXBuildFile; fileRef = F0010039 /* WellReadTagCatalog.swift */; };
		B001003A /* UserLibraryDetailView.swift in Sources */ = {isa = PBXBuildFile; fileRef = F001003A /* UserLibraryDetailView.swift */; };
		B001003B /* QueueBookDragCover.swift in Sources */ = {isa = PBXBuildFile; fileRef = F001003B /* QueueBookDragCover.swift */; };
		B001003C /* LibraryReadQueueSegmentShared.swift in Sources */ = {isa = PBXBuildFile; fileRef = F001003C /* LibraryReadQueueSegmentShared.swift */; };
		B001003D /* WelcomeSpinesGoodreadsModal.swift in Sources */ = {isa = PBXBuildFile; fileRef = F001003D /* WelcomeSpinesGoodreadsModal.swift */; };
		B001003E /* GoodreadsImportTutorialEmbed.swift in Sources */ = {isa = PBXBuildFile; fileRef = F001003E /* GoodreadsImportTutorialEmbed.swift */; };
		B001003F /* LibraryDragHaptics.swift in Sources */ = {isa = PBXBuildFile; fileRef = F001003F /* LibraryDragHaptics.swift */; };
		B0010040 /* ProfileImageCache.swift in Sources */ = {isa = PBXBuildFile; fileRef = F0010040 /* ProfileImageCache.swift */; };
		B0010041 /* CachedProfileImage.swift in Sources */ = {isa = PBXBuildFile; fileRef = F0010041 /* CachedProfileImage.swift */; };
		B0010042 /* EditReadReviewSheet.swift in Sources */ = {isa = PBXBuildFile; fileRef = F0010042 /* EditReadReviewSheet.swift */; };
		B0010043 /* PushNotificationService.swift in Sources */ = {isa = PBXBuildFile; fileRef = F0010043 /* PushNotificationService.swift */; };
		B0010044 /* FeedCommunityWelcomeModal.swift in Sources */ = {isa = PBXBuildFile; fileRef = F0010044 /* FeedCommunityWelcomeModal.swift */; };
		B0010045 /* FlowLayout.swift in Sources */ = {isa = PBXBuildFile; fileRef = F0010045 /* FlowLayout.swift */; };
		B0010046 /* MarkAsReadInlineOverlay.swift in Sources */ = {isa = PBXBuildFile; fileRef = F0010046 /* MarkAsReadInlineOverlay.swift */; };
		B0010047 /* PushRegistrationDiagnostics.swift in Sources */ = {isa = PBXBuildFile; fileRef = F0010047 /* PushRegistrationDiagnostics.swift */; };
		B0010048 /* PushDiagnosticsView.swift in Sources */ = {isa = PBXBuildFile; fileRef = F0010048 /* PushDiagnosticsView.swift */; };
		B0010049 /* PushNotificationPromptView.swift in Sources */ = {isa = PBXBuildFile; fileRef = F0010049 /* PushNotificationPromptView.swift */; };
		B0010050 /* PushNotificationNudgeStorage.swift in Sources */ = {isa = PBXBuildFile; fileRef = F0010050 /* PushNotificationNudgeStorage.swift */; };
		B0010051 /* PushNotificationNudgeModal.swift in Sources */ = {isa = PBXBuildFile; fileRef = F0010051 /* PushNotificationNudgeModal.swift */; };
		B0010052 /* BookRefresherService.swift in Sources */ = {isa = PBXBuildFile; fileRef = F0010052 /* BookRefresherService.swift */; };
		B0010053 /* BookRefresherView.swift in Sources */ = {isa = PBXBuildFile; fileRef = F0010053 /* BookRefresherView.swift */; };
		B0018D71 /* BookSummaryMoreService.swift in Sources */ = {isa = PBXBuildFile; fileRef = F0018D71 /* BookSummaryMoreService.swift */; };
		B0018D72 /* BookSummaryMoreView.swift in Sources */ = {isa = PBXBuildFile; fileRef = F0018D72 /* BookSummaryMoreView.swift */; };
		B0010054 /* MatchScoreService.swift in Sources */ = {isa = PBXBuildFile; fileRef = F0010054 /* MatchScoreService.swift */; };
		B00B1E01 /* BookBlend.swift in Sources */ = {isa = PBXBuildFile; fileRef = F00B1E01 /* BookBlend.swift */; };
		B00B1E02 /* BookBlendService.swift in Sources */ = {isa = PBXBuildFile; fileRef = F00B1E02 /* BookBlendService.swift */; };
		B00B1E03 /* BookBlendInviteView.swift in Sources */ = {isa = PBXBuildFile; fileRef = F00B1E03 /* BookBlendInviteView.swift */; };
		B00B1E04 /* BookBlendStoryView.swift in Sources */ = {isa = PBXBuildFile; fileRef = F00B1E04 /* BookBlendStoryView.swift */; };
		B00B1E05 /* OpenLibraryService.swift in Sources */ = {isa = PBXBuildFile; fileRef = F00B1E05 /* OpenLibraryService.swift */; };
		B00B1E06 /* BookSearchCacheService.swift in Sources */ = {isa = PBXBuildFile; fileRef = F00B1E06 /* BookSearchCacheService.swift */; };
		B00100F0 /* TierBadge.swift in Sources */ = {isa = PBXBuildFile; fileRef = F00100F0 /* TierBadge.swift */; };
		B00100FA /* Toast.swift in Sources */ = {isa = PBXBuildFile; fileRef = F00100FA /* Toast.swift */; };
		B0010100 /* NoSuggestionsTextField.swift in Sources */ = {isa = PBXBuildFile; fileRef = F0010100 /* NoSuggestionsTextField.swift */; };
		B0010101 /* GoodreadsWizardSession.swift in Sources */ = {isa = PBXBuildFile; fileRef = F0010101 /* GoodreadsWizardSession.swift */; };
		B0010102 /* GoodreadsExportWebView.swift in Sources */ = {isa = PBXBuildFile; fileRef = F0010102 /* GoodreadsExportWebView.swift */; };
		B0010103 /* CoverResolutionStore.swift in Sources */ = {isa = PBXBuildFile; fileRef = F0010103 /* CoverResolutionStore.swift */; };
		B0010104 /* ITunesCoverService.swift in Sources */ = {isa = PBXBuildFile; fileRef = F0010104 /* ITunesCoverService.swift */; };
		B0010105 /* BookSearchRanker.swift in Sources */ = {isa = PBXBuildFile; fileRef = F0010105 /* BookSearchRanker.swift */; };
		B0010106 /* DiscoverCriteria.swift in Sources */ = {isa = PBXBuildFile; fileRef = F0010106 /* DiscoverCriteria.swift */; };
		B0010107 /* TagCatalogPicker.swift in Sources */ = {isa = PBXBuildFile; fileRef = F0010107 /* TagCatalogPicker.swift */; };
		B0010108 /* DiscoverCriteriaStrip.swift in Sources */ = {isa = PBXBuildFile; fileRef = F0010108 /* DiscoverCriteriaStrip.swift */; };
		B0010109 /* DiscoverCriteriaEditorSheet.swift in Sources */ = {isa = PBXBuildFile; fileRef = F0010109 /* DiscoverCriteriaEditorSheet.swift */; };
		B001010A /* DiscoverBookPickerView.swift in Sources */ = {isa = PBXBuildFile; fileRef = F001010A /* DiscoverBookPickerView.swift */; };
		B0010201 /* ReadingNowFanStack.swift in Sources */ = {isa = PBXBuildFile; fileRef = F0010201 /* ReadingNowFanStack.swift */; };
		B0010202 /* ContactSyncService.swift in Sources */ = {isa = PBXBuildFile; fileRef = F0010202 /* ContactSyncService.swift */; };
		B0010203 /* BookRecommendation.swift in Sources */ = {isa = PBXBuildFile; fileRef = F0010203 /* BookRecommendation.swift */; };
		B0010204 /* RecommendationRepository.swift in Sources */ = {isa = PBXBuildFile; fileRef = F0010204 /* RecommendationRepository.swift */; };
		B0010205 /* AppLinks.swift in Sources */ = {isa = PBXBuildFile; fileRef = F0010205 /* AppLinks.swift */; };
		B0010206 /* MessageComposeView.swift in Sources */ = {isa = PBXBuildFile; fileRef = F0010206 /* MessageComposeView.swift */; };
		B0010207 /* FindFriendsView.swift in Sources */ = {isa = PBXBuildFile; fileRef = F0010207 /* FindFriendsView.swift */; };
		B0010208 /* RecommendBookSheet.swift in Sources */ = {isa = PBXBuildFile; fileRef = F0010208 /* RecommendBookSheet.swift */; };
		B0010C47 /* CircularPhotoCropView.swift in Sources */ = {isa = PBXBuildFile; fileRef = F0010C47 /* CircularPhotoCropView.swift */; };
		NE01000A /* WellReadNotificationService.appex in Embed Foundation Extensions */ = {isa = PBXBuildFile; fileRef = NE010002 /* WellReadNotificationService.appex */; settings = {ATTRIBUTES = (RemoveHeadersOnCopy, ); }; };
		WG01000A /* WellReadWidget.appex in Embed Foundation Extensions */ = {isa = PBXBuildFile; fileRef = WG010002 /* WellReadWidget.appex */; settings = {ATTRIBUTES = (RemoveHeadersOnCopy, ); }; };
		WG010010 /* WidgetSnapshot.swift in Sources */ = {isa = PBXBuildFile; fileRef = WG010011 /* WidgetSnapshot.swift */; };
		WG010012 /* WidgetSnapshot.swift in Sources */ = {isa = PBXBuildFile; fileRef = WG010011 /* WidgetSnapshot.swift */; };
		WG010014 /* WidgetDataService.swift in Sources */ = {isa = PBXBuildFile; fileRef = WG010013 /* WidgetDataService.swift */; };
/* End PBXBuildFile section */

/* Begin PBXContainerItemProxy section */
		8BB2986C2F671AAA007008DC /* PBXContainerItemProxy */ = {
			isa = PBXContainerItemProxy;
			containerPortal = P0010001 /* Project object */;
			proxyType = 1;
			remoteGlobalIDString = 8BB298632F671AAA007008DC;
			remoteInfo = WellReadShareExtension;
		};
		NE010008 /* PBXContainerItemProxy */ = {
			isa = PBXContainerItemProxy;
			containerPortal = P0010001 /* Project object */;
			proxyType = 1;
			remoteGlobalIDString = NE010001;
			remoteInfo = WellReadNotificationService;
		};
		WG010008 /* PBXContainerItemProxy */ = {
			isa = PBXContainerItemProxy;
			containerPortal = P0010001 /* Project object */;
			proxyType = 1;
			remoteGlobalIDString = WG010001;
			remoteInfo = WellReadWidget;
		};
/* End PBXContainerItemProxy section */

/* Begin PBXCopyFilesBuildPhase section */
		8BB2986F2F671AAA007008DC /* Embed Foundation Extensions */ = {
			isa = PBXCopyFilesBuildPhase;
			buildActionMask = 2147483647;
			dstPath = "";
			dstSubfolderSpec = 13;
			files = (
				8BB2986E2F671AAA007008DC /* WellReadShareExtension.appex in Embed Foundation Extensions */,
				NE01000A /* WellReadNotificationService.appex in Embed Foundation Extensions */,
				WG01000A /* WellReadWidget.appex in Embed Foundation Extensions */,
			);
			name = "Embed Foundation Extensions";
			runOnlyForDeploymentPostprocessing = 0;
		};
/* End PBXCopyFilesBuildPhase section */

/* Begin PBXFileReference section */
		8B7B90EB2F54C72300B7FB0C /* Secrets.plist */ = {isa = PBXFileReference; lastKnownFileType = text.plist.xml; path = Secrets.plist; sourceTree = "<group>"; };
		8BB298642F671AAA007008DC /* WellReadShareExtension.appex */ = {isa = PBXFileReference; explicitFileType = "wrapper.app-extension"; includeInIndex = 0; path = WellReadShareExtension.appex; sourceTree = BUILT_PRODUCTS_DIR; };
		8BB4CBC22F4E9F2B0068B4B6 /* WellRead Firebase Service Info.plist */ = {isa = PBXFileReference; lastKnownFileType = text.plist.xml; path = "WellRead Firebase Service Info.plist"; sourceTree = "<group>"; };
		8BB4CBC42F4EA0910068B4B6 /* WellRead.entitlements */ = {isa = PBXFileReference; lastKnownFileType = text.plist.entitlements; path = WellRead.entitlements; sourceTree = "<group>"; };
		8BE1FAC02F4E8A70006ED44D /* WellRead/GoogleService-Info.plist */ = {isa = PBXFileReference; lastKnownFileType = text.plist.xml; path = "WellRead/GoogleService-Info.plist"; sourceTree = "<group>"; };
		E0010000 /* WellRead.app */ = {isa = PBXFileReference; explicitFileType = wrapper.application; includeInIndex = 0; path = WellRead.app; sourceTree = BUILT_PRODUCTS_DIR; };
		F0010001 /* WellReadApp.swift */ = {isa = PBXFileReference; lastKnownFileType = sourcecode.swift; path = WellReadApp.swift; sourceTree = "<group>"; };
		F0010002 /* RootView.swift */ = {isa = PBXFileReference; lastKnownFileType = sourcecode.swift; path = RootView.swift; sourceTree = "<group>"; };
		F0010003 /* AppState.swift */ = {isa = PBXFileReference; lastKnownFileType = sourcecode.swift; path = AppState.swift; sourceTree = "<group>"; };
		F0010004 /* Theme.swift */ = {isa = PBXFileReference; lastKnownFileType = sourcecode.swift; path = Theme.swift; sourceTree = "<group>"; };
		F0010005 /* User.swift */ = {isa = PBXFileReference; lastKnownFileType = sourcecode.swift; path = User.swift; sourceTree = "<group>"; };
		F0010006 /* Book.swift */ = {isa = PBXFileReference; lastKnownFileType = sourcecode.swift; path = Book.swift; sourceTree = "<group>"; };
		F0010007 /* Comment.swift */ = {isa = PBXFileReference; lastKnownFileType = sourcecode.swift; path = Comment.swift; sourceTree = "<group>"; };
		F0010008 /* Post.swift */ = {isa = PBXFileReference; lastKnownFileType = sourcecode.swift; path = Post.swift; sourceTree = "<group>"; };
		F0010009 /* UserBook.swift */ = {isa = PBXFileReference; lastKnownFileType = sourcecode.swift; path = UserBook.swift; sourceTree = "<group>"; };
		F001000A /* GoogleBooksService.swift */ = {isa = PBXFileReference; lastKnownFileType = sourcecode.swift; path = GoogleBooksService.swift; sourceTree = "<group>"; };
		F001000B /* MainTabView.swift */ = {isa = PBXFileReference; lastKnownFileType = sourcecode.swift; path = MainTabView.swift; sourceTree = "<group>"; };
		F001000C /* OnboardingFlowView.swift */ = {isa = PBXFileReference; lastKnownFileType = sourcecode.swift; path = OnboardingFlowView.swift; sourceTree = "<group>"; };
		F001000D /* AddBookFlowView.swift */ = {isa = PBXFileReference; lastKnownFileType = sourcecode.swift; path = AddBookFlowView.swift; sourceTree = "<group>"; };
		F001000E /* BookSearchRow.swift */ = {isa = PBXFileReference; lastKnownFileType = sourcecode.swift; path = BookSearchRow.swift; sourceTree = "<group>"; };
		F001000F /* BookCoverView.swift */ = {isa = PBXFileReference; lastKnownFileType = sourcecode.swift; path = BookCoverView.swift; sourceTree = "<group>"; };
		F0010010 /* FeedView.swift */ = {isa = PBXFileReference; lastKnownFileType = sourcecode.swift; path = FeedView.swift; sourceTree = "<group>"; };
		F0010011 /* DiscoverView.swift */ = {isa = PBXFileReference; lastKnownFileType = sourcecode.swift; path = DiscoverView.swift; sourceTree = "<group>"; };
		F0010012 /* LibraryView.swift */ = {isa = PBXFileReference; lastKnownFileType = sourcecode.swift; path = LibraryView.swift; sourceTree = "<group>"; };
		F0010013 /* GridLibraryView.swift */ = {isa = PBXFileReference; lastKnownFileType = sourcecode.swift; path = GridLibraryView.swift; sourceTree = "<group>"; };
		F0010014 /* RatingLibraryView.swift */ = {isa = PBXFileReference; lastKnownFileType = sourcecode.swift; path = RatingLibraryView.swift; sourceTree = "<group>"; };
		F0010015 /* TierListView.swift */ = {isa = PBXFileReference; lastKnownFileType = sourcecode.swift; path = TierListView.swift; sourceTree = "<group>"; };
		F0010016 /* TimelineLibraryView.swift */ = {isa = PBXFileReference; lastKnownFileType = sourcecode.swift; path = TimelineLibraryView.swift; sourceTree = "<group>"; };
		F0010017 /* ProfileView.swift */ = {isa = PBXFileReference; lastKnownFileType = sourcecode.swift; path = ProfileView.swift; sourceTree = "<group>"; };
		F0010018 /* Info.plist */ = {isa = PBXFileReference; lastKnownFileType = text.plist.xml; path = Info.plist; sourceTree = "<group>"; };
		F0010019 /* Assets.xcassets */ = {isa = PBXFileReference; lastKnownFileType = folder.assetcatalog; path = Assets.xcassets; sourceTree = "<group>"; };
		F0010020 /* AuthService.swift */ = {isa = PBXFileReference; lastKnownFileType = sourcecode.swift; path = AuthService.swift; sourceTree = "<group>"; };
		F0010021 /* UserRepository.swift */ = {isa = PBXFileReference; lastKnownFileType = sourcecode.swift; path = UserRepository.swift; sourceTree = "<group>"; };
		F0010022 /* RootViewController.swift */ = {isa = PBXFileReference; lastKnownFileType = sourcecode.swift; path = RootViewController.swift; sourceTree = "<group>"; };
		F0010023 /* BookRepository.swift */ = {isa = PBXFileReference; lastKnownFileType = sourcecode.swift; path = BookRepository.swift; sourceTree = "<group>"; };
		F0010024 /* UserBookRepository.swift */ = {isa = PBXFileReference; lastKnownFileType = sourcecode.swift; path = UserBookRepository.swift; sourceTree = "<group>"; };
		F0010025 /* PostRepository.swift */ = {isa = PBXFileReference; lastKnownFileType = sourcecode.swift; path = PostRepository.swift; sourceTree = "<group>"; };
		F0010026 /* CommentRepository.swift */ = {isa = PBXFileReference; lastKnownFileType = sourcecode.swift; path = CommentRepository.swift; sourceTree = "<group>"; };
		F0010027 /* ApiKeys.swift */ = {isa = PBXFileReference; lastKnownFileType = sourcecode.swift; path = ApiKeys.swift; sourceTree = "<group>"; };
		F0010028 /* ClaudeService.swift */ = {isa = PBXFileReference; lastKnownFileType = sourcecode.swift; path = ClaudeService.swift; sourceTree = "<group>"; };
		F0010029 /* ReviewerLoginView.swift */ = {isa = PBXFileReference; lastKnownFileType = sourcecode.swift; path = ReviewerLoginView.swift; sourceTree = "<group>"; };
		F001002A /* LocalLibraryCache.swift */ = {isa = PBXFileReference; lastKnownFileType = sourcecode.swift; path = LocalLibraryCache.swift; sourceTree = "<group>"; };
		F001002B /* BookProfileView.swift */ = {isa = PBXFileReference; lastKnownFileType = sourcecode.swift; path = BookProfileView.swift; sourceTree = "<group>"; };
		F001002C /* BookProfileService.swift */ = {isa = PBXFileReference; lastKnownFileType = sourcecode.swift; path = BookProfileService.swift; sourceTree = "<group>"; };
		F001002D /* DismissedSuggestionsRepository.swift */ = {isa = PBXFileReference; lastKnownFileType = sourcecode.swift; path = DismissedSuggestionsRepository.swift; sourceTree = "<group>"; };
		F001002E /* DiscoverSuggestionsService.swift */ = {isa = PBXFileReference; lastKnownFileType = sourcecode.swift; path = DiscoverSuggestionsService.swift; sourceTree = "<group>"; };
		F001002F /* ProfilePhotoService.swift */ = {isa = PBXFileReference; lastKnownFileType = sourcecode.swift; path = ProfilePhotoService.swift; sourceTree = "<group>"; };
		F0010030 /* CommentsView.swift */ = {isa = PBXFileReference; lastKnownFileType = sourcecode.swift; path = CommentsView.swift; sourceTree = "<group>"; };
		F0010032 /* GoodreadsCSVParser.swift */ = {isa = PBXFileReference; lastKnownFileType = sourcecode.swift; path = GoodreadsCSVParser.swift; sourceTree = "<group>"; };
		F0010033 /* GoodreadsImportService.swift */ = {isa = PBXFileReference; lastKnownFileType = sourcecode.swift; path = GoodreadsImportService.swift; sourceTree = "<group>"; };
		F0010034 /* GoodreadsImportView.swift */ = {isa = PBXFileReference; lastKnownFileType = sourcecode.swift; path = GoodreadsImportView.swift; sourceTree = "<group>"; };
		F0010035 /* GoodreadsShareHelper.swift */ = {isa = PBXFileReference; lastKnownFileType = sourcecode.swift; path = GoodreadsShareHelper.swift; sourceTree = "<group>"; };
		F0010036 /* QueueLibraryView.swift */ = {isa = PBXFileReference; lastKnownFileType = sourcecode.swift; path = QueueLibraryView.swift; sourceTree = "<group>"; };
		F0010037 /* ProfileCompletionView.swift */ = {isa = PBXFileReference; lastKnownFileType = sourcecode.swift; path = ProfileCompletionView.swift; sourceTree = "<group>"; };
		F0010038 /* Tags.csv */ = {isa = PBXFileReference; lastKnownFileType = text; path = Tags.csv; sourceTree = "<group>"; };
		F0010039 /* WellReadTagCatalog.swift */ = {isa = PBXFileReference; lastKnownFileType = sourcecode.swift; path = WellReadTagCatalog.swift; sourceTree = "<group>"; };
		F001003A /* UserLibraryDetailView.swift */ = {isa = PBXFileReference; lastKnownFileType = sourcecode.swift; path = UserLibraryDetailView.swift; sourceTree = "<group>"; };
		F001003B /* QueueBookDragCover.swift */ = {isa = PBXFileReference; lastKnownFileType = sourcecode.swift; path = QueueBookDragCover.swift; sourceTree = "<group>"; };
		F001003C /* LibraryReadQueueSegmentShared.swift */ = {isa = PBXFileReference; lastKnownFileType = sourcecode.swift; path = LibraryReadQueueSegmentShared.swift; sourceTree = "<group>"; };
		F001003D /* WelcomeSpinesGoodreadsModal.swift */ = {isa = PBXFileReference; lastKnownFileType = sourcecode.swift; path = WelcomeSpinesGoodreadsModal.swift; sourceTree = "<group>"; };
		F001003E /* GoodreadsImportTutorialEmbed.swift */ = {isa = PBXFileReference; lastKnownFileType = sourcecode.swift; path = GoodreadsImportTutorialEmbed.swift; sourceTree = "<group>"; };
		F001003F /* LibraryDragHaptics.swift */ = {isa = PBXFileReference; lastKnownFileType = sourcecode.swift; path = LibraryDragHaptics.swift; sourceTree = "<group>"; };
		F0010040 /* ProfileImageCache.swift */ = {isa = PBXFileReference; lastKnownFileType = sourcecode.swift; path = ProfileImageCache.swift; sourceTree = "<group>"; };
		F0010041 /* CachedProfileImage.swift */ = {isa = PBXFileReference; lastKnownFileType = sourcecode.swift; path = CachedProfileImage.swift; sourceTree = "<group>"; };
		F0010042 /* EditReadReviewSheet.swift */ = {isa = PBXFileReference; lastKnownFileType = sourcecode.swift; path = EditReadReviewSheet.swift; sourceTree = "<group>"; };
		F0010043 /* PushNotificationService.swift */ = {isa = PBXFileReference; lastKnownFileType = sourcecode.swift; path = PushNotificationService.swift; sourceTree = "<group>"; };
		F0010044 /* FeedCommunityWelcomeModal.swift */ = {isa = PBXFileReference; lastKnownFileType = sourcecode.swift; path = FeedCommunityWelcomeModal.swift; sourceTree = "<group>"; };
		F0010045 /* FlowLayout.swift */ = {isa = PBXFileReference; lastKnownFileType = sourcecode.swift; path = FlowLayout.swift; sourceTree = "<group>"; };
		F0010046 /* MarkAsReadInlineOverlay.swift */ = {isa = PBXFileReference; lastKnownFileType = sourcecode.swift; path = MarkAsReadInlineOverlay.swift; sourceTree = "<group>"; };
		F0010047 /* PushRegistrationDiagnostics.swift */ = {isa = PBXFileReference; lastKnownFileType = sourcecode.swift; path = PushRegistrationDiagnostics.swift; sourceTree = "<group>"; };
		F0010048 /* PushDiagnosticsView.swift */ = {isa = PBXFileReference; lastKnownFileType = sourcecode.swift; path = PushDiagnosticsView.swift; sourceTree = "<group>"; };
		F0010049 /* PushNotificationPromptView.swift */ = {isa = PBXFileReference; lastKnownFileType = sourcecode.swift; path = PushNotificationPromptView.swift; sourceTree = "<group>"; };
		F0010050 /* PushNotificationNudgeStorage.swift */ = {isa = PBXFileReference; lastKnownFileType = sourcecode.swift; path = PushNotificationNudgeStorage.swift; sourceTree = "<group>"; };
		F0010051 /* PushNotificationNudgeModal.swift */ = {isa = PBXFileReference; lastKnownFileType = sourcecode.swift; path = PushNotificationNudgeModal.swift; sourceTree = "<group>"; };
		F0010052 /* BookRefresherService.swift */ = {isa = PBXFileReference; lastKnownFileType = sourcecode.swift; path = BookRefresherService.swift; sourceTree = "<group>"; };
		F0010053 /* BookRefresherView.swift */ = {isa = PBXFileReference; lastKnownFileType = sourcecode.swift; path = BookRefresherView.swift; sourceTree = "<group>"; };
		F0018D71 /* BookSummaryMoreService.swift */ = {isa = PBXFileReference; lastKnownFileType = sourcecode.swift; path = BookSummaryMoreService.swift; sourceTree = "<group>"; };
		F0018D72 /* BookSummaryMoreView.swift */ = {isa = PBXFileReference; lastKnownFileType = sourcecode.swift; path = BookSummaryMoreView.swift; sourceTree = "<group>"; };
		F0010054 /* MatchScoreService.swift */ = {isa = PBXFileReference; lastKnownFileType = sourcecode.swift; path = MatchScoreService.swift; sourceTree = "<group>"; };
		F00B1E01 /* BookBlend.swift */ = {isa = PBXFileReference; lastKnownFileType = sourcecode.swift; path = BookBlend.swift; sourceTree = "<group>"; };
		F00B1E02 /* BookBlendService.swift */ = {isa = PBXFileReference; lastKnownFileType = sourcecode.swift; path = BookBlendService.swift; sourceTree = "<group>"; };
		F00B1E03 /* BookBlendInviteView.swift */ = {isa = PBXFileReference; lastKnownFileType = sourcecode.swift; path = BookBlendInviteView.swift; sourceTree = "<group>"; };
		F00B1E04 /* BookBlendStoryView.swift */ = {isa = PBXFileReference; lastKnownFileType = sourcecode.swift; path = BookBlendStoryView.swift; sourceTree = "<group>"; };
		F00B1E05 /* OpenLibraryService.swift */ = {isa = PBXFileReference; lastKnownFileType = sourcecode.swift; path = OpenLibraryService.swift; sourceTree = "<group>"; };
		F00B1E06 /* BookSearchCacheService.swift */ = {isa = PBXFileReference; lastKnownFileType = sourcecode.swift; path = BookSearchCacheService.swift; sourceTree = "<group>"; };
		F00100F0 /* TierBadge.swift */ = {isa = PBXFileReference; lastKnownFileType = sourcecode.swift; path = TierBadge.swift; sourceTree = "<group>"; };
		F00100FA /* Toast.swift */ = {isa = PBXFileReference; lastKnownFileType = sourcecode.swift; path = Toast.swift; sourceTree = "<group>"; };
		F0010100 /* NoSuggestionsTextField.swift */ = {isa = PBXFileReference; lastKnownFileType = sourcecode.swift; path = NoSuggestionsTextField.swift; sourceTree = "<group>"; };
		F0010101 /* GoodreadsWizardSession.swift */ = {isa = PBXFileReference; lastKnownFileType = sourcecode.swift; path = GoodreadsWizardSession.swift; sourceTree = "<group>"; };
		F0010102 /* GoodreadsExportWebView.swift */ = {isa = PBXFileReference; lastKnownFileType = sourcecode.swift; path = GoodreadsExportWebView.swift; sourceTree = "<group>"; };
		F0010103 /* CoverResolutionStore.swift */ = {isa = PBXFileReference; lastKnownFileType = sourcecode.swift; path = CoverResolutionStore.swift; sourceTree = "<group>"; };
		F0010104 /* ITunesCoverService.swift */ = {isa = PBXFileReference; lastKnownFileType = sourcecode.swift; path = ITunesCoverService.swift; sourceTree = "<group>"; };
		F0010105 /* BookSearchRanker.swift */ = {isa = PBXFileReference; lastKnownFileType = sourcecode.swift; path = BookSearchRanker.swift; sourceTree = "<group>"; };
		F0010106 /* DiscoverCriteria.swift */ = {isa = PBXFileReference; lastKnownFileType = sourcecode.swift; path = DiscoverCriteria.swift; sourceTree = "<group>"; };
		F0010107 /* TagCatalogPicker.swift */ = {isa = PBXFileReference; lastKnownFileType = sourcecode.swift; path = TagCatalogPicker.swift; sourceTree = "<group>"; };
		F0010108 /* DiscoverCriteriaStrip.swift */ = {isa = PBXFileReference; lastKnownFileType = sourcecode.swift; path = DiscoverCriteriaStrip.swift; sourceTree = "<group>"; };
		F0010109 /* DiscoverCriteriaEditorSheet.swift */ = {isa = PBXFileReference; lastKnownFileType = sourcecode.swift; path = DiscoverCriteriaEditorSheet.swift; sourceTree = "<group>"; };
		F001010A /* DiscoverBookPickerView.swift */ = {isa = PBXFileReference; lastKnownFileType = sourcecode.swift; path = DiscoverBookPickerView.swift; sourceTree = "<group>"; };
		F0010201 /* ReadingNowFanStack.swift */ = {isa = PBXFileReference; lastKnownFileType = sourcecode.swift; path = ReadingNowFanStack.swift; sourceTree = "<group>"; };
		F0010202 /* ContactSyncService.swift */ = {isa = PBXFileReference; lastKnownFileType = sourcecode.swift; path = ContactSyncService.swift; sourceTree = "<group>"; };
		F0010203 /* BookRecommendation.swift */ = {isa = PBXFileReference; lastKnownFileType = sourcecode.swift; path = BookRecommendation.swift; sourceTree = "<group>"; };
		F0010204 /* RecommendationRepository.swift */ = {isa = PBXFileReference; lastKnownFileType = sourcecode.swift; path = RecommendationRepository.swift; sourceTree = "<group>"; };
		F0010205 /* AppLinks.swift */ = {isa = PBXFileReference; lastKnownFileType = sourcecode.swift; path = AppLinks.swift; sourceTree = "<group>"; };
		F0010206 /* MessageComposeView.swift */ = {isa = PBXFileReference; lastKnownFileType = sourcecode.swift; path = MessageComposeView.swift; sourceTree = "<group>"; };
		F0010207 /* FindFriendsView.swift */ = {isa = PBXFileReference; lastKnownFileType = sourcecode.swift; path = FindFriendsView.swift; sourceTree = "<group>"; };
		F0010208 /* RecommendBookSheet.swift */ = {isa = PBXFileReference; lastKnownFileType = sourcecode.swift; path = RecommendBookSheet.swift; sourceTree = "<group>"; };
		F0010C47 /* CircularPhotoCropView.swift */ = {isa = PBXFileReference; lastKnownFileType = sourcecode.swift; path = CircularPhotoCropView.swift; sourceTree = "<group>"; };
		NE010002 /* WellReadNotificationService.appex */ = {isa = PBXFileReference; explicitFileType = "wrapper.app-extension"; includeInIndex = 0; path = WellReadNotificationService.appex; sourceTree = BUILT_PRODUCTS_DIR; };
		WG010002 /* WellReadWidget.appex */ = {isa = PBXFileReference; explicitFileType = "wrapper.app-extension"; includeInIndex = 0; path = WellReadWidget.appex; sourceTree = BUILT_PRODUCTS_DIR; };
		WG010011 /* WidgetSnapshot.swift */ = {isa = PBXFileReference; lastKnownFileType = sourcecode.swift; path = WidgetSnapshot.swift; sourceTree = "<group>"; };
		WG010013 /* WidgetDataService.swift */ = {isa = PBXFileReference; lastKnownFileType = sourcecode.swift; path = WidgetDataService.swift; sourceTree = "<group>"; };
/* End PBXFileReference section */

/* Begin PBXFileSystemSynchronizedBuildFileExceptionSet section */
		8BB298722F671AAA007008DC /* PBXFileSystemSynchronizedBuildFileExceptionSet */ = {
			isa = PBXFileSystemSynchronizedBuildFileExceptionSet;
			membershipExceptions = (
				Info.plist,
			);
			target = 8BB298632F671AAA007008DC /* WellReadShareExtension */;
		};
		NE010004 /* PBXFileSystemSynchronizedBuildFileExceptionSet */ = {
			isa = PBXFileSystemSynchronizedBuildFileExceptionSet;
			membershipExceptions = (
				Info.plist,
			);
			target = NE010001 /* WellReadNotificationService */;
		};
		WG010004 /* PBXFileSystemSynchronizedBuildFileExceptionSet */ = {
			isa = PBXFileSystemSynchronizedBuildFileExceptionSet;
			membershipExceptions = (
				Info.plist,
			);
			target = WG010001 /* WellReadWidget */;
		};
/* End PBXFileSystemSynchronizedBuildFileExceptionSet section */

/* Begin PBXFileSystemSynchronizedRootGroup section */
		8BB298652F671AAA007008DC /* WellReadShareExtension */ = {isa = PBXFileSystemSynchronizedRootGroup; exceptions = (8BB298722F671AAA007008DC /* PBXFileSystemSynchronizedBuildFileExceptionSet */, ); explicitFileTypes = {}; explicitFolders = (); path = WellReadShareExtension; sourceTree = "<group>"; };
		NE010003 /* WellReadNotificationService */ = {isa = PBXFileSystemSynchronizedRootGroup; exceptions = (NE010004 /* PBXFileSystemSynchronizedBuildFileExceptionSet */, ); explicitFileTypes = {}; explicitFolders = (); path = WellReadNotificationService; sourceTree = "<group>"; };
		WG010003 /* WellReadWidget */ = {isa = PBXFileSystemSynchronizedRootGroup; exceptions = (WG010004 /* PBXFileSystemSynchronizedBuildFileExceptionSet */, ); explicitFileTypes = {}; explicitFolders = (); path = WellReadWidget; sourceTree = "<group>"; };
/* End PBXFileSystemSynchronizedRootGroup section */

/* Begin PBXFrameworksBuildPhase section */
		8BB298612F671AAA007008DC /* Frameworks */ = {
			isa = PBXFrameworksBuildPhase;
			buildActionMask = 2147483647;
			files = (
			);
			runOnlyForDeploymentPostprocessing = 0;
		};
		C0010001 /* Frameworks */ = {
			isa = PBXFrameworksBuildPhase;
			buildActionMask = 2147483647;
			files = (
				8BB4CBC02F4E9AEF0068B4B6 /* FirebaseCore in Frameworks */,
				8BB4CBC62F4E9AEF0068B4B6 /* FirebaseAuth in Frameworks */,
				8BB4CBC72F4E9AEF0068B4B6 /* FirebaseFirestore in Frameworks */,
				8BB4CBC92F4E9AEF0068B4B6 /* FirebaseStorage in Frameworks */,
				8BB4CBC82F4E8B00006ED44D /* GoogleSignIn in Frameworks */,
				8B8FC0012F4E9AEF0068B4B7 /* FirebaseMessaging in Frameworks */,
				8BB4CBCA2F4E9AEF0068B4B6 /* FirebaseFunctions in Frameworks */,
			);
			runOnlyForDeploymentPostprocessing = 0;
		};
		NE010006 /* Frameworks */ = {
			isa = PBXFrameworksBuildPhase;
			buildActionMask = 2147483647;
			files = (
			);
			runOnlyForDeploymentPostprocessing = 0;
		};
		WG010006 /* Frameworks */ = {
			isa = PBXFrameworksBuildPhase;
			buildActionMask = 2147483647;
			files = (
			);
			runOnlyForDeploymentPostprocessing = 0;
		};
/* End PBXFrameworksBuildPhase section */

/* Begin PBXGroup section */
		8BB4CBC12F4E9AEF0068B4B6 /* Recovered References */ = {
			isa = PBXGroup;
			children = (
				8BE1FAC02F4E8A70006ED44D /* WellRead/GoogleService-Info.plist */,
			);
			name = "Recovered References";
			sourceTree = "<group>";
		};
		G0010000 = {
			isa = PBXGroup;
			children = (
				8B7B90EB2F54C72300B7FB0C /* Secrets.plist */,
				G0010001 /* WellRead */,
				8BB298652F671AAA007008DC /* WellReadShareExtension */,
				NE010003 /* WellReadNotificationService */,
				WG010003 /* WellReadWidget */,
				G0010002 /* Products */,
				8BB4CBC12F4E9AEF0068B4B6 /* Recovered References */,
			);
			sourceTree = "<group>";
		};
		G0010001 /* WellRead */ = {
			isa = PBXGroup;
			children = (
				8BB4CBC42F4EA0910068B4B6 /* WellRead.entitlements */,
				F0010001 /* WellReadApp.swift */,
				F0010002 /* RootView.swift */,
				F0010018 /* Info.plist */,
				F0010019 /* Assets.xcassets */,
				F0010038 /* Tags.csv */,
				G0010003 /* AppState */,
				G0010004 /* Models */,
				G0010005 /* Theme */,
				G0010006 /* Services */,
				G0010010 /* Helpers */,
				G0010007 /* Views */,
				8BB4CBC22F4E9F2B0068B4B6 /* WellRead Firebase Service Info.plist */,
			);
			path = WellRead;
			sourceTree = "<group>";
		};
		G0010002 /* Products */ = {
			isa = PBXGroup;
			children = (
				E0010000 /* WellRead.app */,
				8BB298642F671AAA007008DC /* WellReadShareExtension.appex */,
				NE010002 /* WellReadNotificationService.appex */,
				WG010002 /* WellReadWidget.appex */,
			);
			name = Products;
			sourceTree = "<group>";
		};
		G0010003 /* AppState */ = {
			isa = PBXGroup;
			children = (
				F0010003 /* AppState.swift */,
			);
			path = AppState;
			sourceTree = "<group>";
		};
		G0010004 /* Models */ = {
			isa = PBXGroup;
			children = (
				F0010005 /* User.swift */,
				F00B1E01 /* BookBlend.swift */,
				F0010203 /* BookRecommendation.swift */,
				F0010106 /* DiscoverCriteria.swift */,
				F0010006 /* Book.swift */,
				F0010009 /* UserBook.swift */,
				F0010008 /* Post.swift */,
				F0010007 /* Comment.swift */,
			);
			path = Models;
			sourceTree = "<group>";
		};
		G0010005 /* Theme */ = {
			isa = PBXGroup;
			children = (
				F0010004 /* Theme.swift */,
			);
			path = Theme;
			sourceTree = "<group>";
		};
		G0010006 /* Services */ = {
			isa = PBXGroup;
			children = (
				WG010011 /* WidgetSnapshot.swift */,
				WG010013 /* WidgetDataService.swift */,
				F001000A /* GoogleBooksService.swift */,
				F0010027 /* ApiKeys.swift */,
				F0010028 /* ClaudeService.swift */,
				F0010052 /* BookRefresherService.swift */,
				F0018D71 /* BookSummaryMoreService.swift */,
				F0010054 /* MatchScoreService.swift */,
				F00B1E02 /* BookBlendService.swift */,
				F00B1E05 /* OpenLibraryService.swift */,
				F00B1E06 /* BookSearchCacheService.swift */,
				F0010020 /* AuthService.swift */,
				F0010021 /* UserRepository.swift */,
				F0010023 /* BookRepository.swift */,
				F0010024 /* UserBookRepository.swift */,
				F0010025 /* PostRepository.swift */,
				F0010026 /* CommentRepository.swift */,
				F001002A /* LocalLibraryCache.swift */,
				F001002C /* BookProfileService.swift */,
				F0010039 /* WellReadTagCatalog.swift */,
				F001002D /* DismissedSuggestionsRepository.swift */,
				F001002E /* DiscoverSuggestionsService.swift */,
				F001002F /* ProfilePhotoService.swift */,
				F0010040 /* ProfileImageCache.swift */,
				F0010032 /* GoodreadsCSVParser.swift */,
				F0010033 /* GoodreadsImportService.swift */,
				F0010101 /* GoodreadsWizardSession.swift */,
				F0010103 /* CoverResolutionStore.swift */,
				F0010104 /* ITunesCoverService.swift */,
				F0010105 /* BookSearchRanker.swift */,
				F0010202 /* ContactSyncService.swift */,
				F0010204 /* RecommendationRepository.swift */,
				F0010205 /* AppLinks.swift */,
				F0010035 /* GoodreadsShareHelper.swift */,
				F0010043 /* PushNotificationService.swift */,
				F0010047 /* PushRegistrationDiagnostics.swift */,
				F0010050 /* PushNotificationNudgeStorage.swift */,
			);
			path = Services;
			sourceTree = "<group>";
		};
		G0010007 /* Views */ = {
			isa = PBXGroup;
			children = (
				F001000B /* MainTabView.swift */,
				G0010008 /* Onboarding */,
				G0010009 /* AddBook */,
				G0010011 /* Book */,
				G001000A /* Components */,
				G001000B /* Feed */,
				G001000C /* Discover */,
				G0010012 /* Goodreads */,
				G001000D /* Library */,
				G001000E /* Profile */,
				G0010203 /* Friends */,
				G00B1E00 /* Blend */,
			);
			path = Views;
			sourceTree = "<group>";
		};
		G0010008 /* Onboarding */ = {
			isa = PBXGroup;
			children = (
				F001000C /* OnboardingFlowView.swift */,
				F0010037 /* ProfileCompletionView.swift */,
				F001003D /* WelcomeSpinesGoodreadsModal.swift */,
				F0010049 /* PushNotificationPromptView.swift */,
				F0010051 /* PushNotificationNudgeModal.swift */,
				F0010029 /* ReviewerLoginView.swift */,
			);
			path = Onboarding;
			sourceTree = "<group>";
		};
		G0010009 /* AddBook */ = {
			isa = PBXGroup;
			children = (
				F001000D /* AddBookFlowView.swift */,
				F001000E /* BookSearchRow.swift */,
				F0010100 /* NoSuggestionsTextField.swift */,
			);
			path = AddBook;
			sourceTree = "<group>";
		};
		G001000A /* Components */ = {
			isa = PBXGroup;
			children = (
				F001000F /* BookCoverView.swift */,
				F0010107 /* TagCatalogPicker.swift */,
				F00100FA /* Toast.swift */,
				F0010045 /* FlowLayout.swift */,
				F0010041 /* CachedProfileImage.swift */,
				F0010C47 /* CircularPhotoCropView.swift */,
				F0010201 /* ReadingNowFanStack.swift */,
				F0010206 /* MessageComposeView.swift */,
			);
			path = Components;
			sourceTree = "<group>";
		};
		G001000B /* Feed */ = {
			isa = PBXGroup;
			children = (
				F0010010 /* FeedView.swift */,
				F0010044 /* FeedCommunityWelcomeModal.swift */,
				F0010030 /* CommentsView.swift */,
			);
			path = Feed;
			sourceTree = "<group>";
		};
		G001000C /* Discover */ = {
			isa = PBXGroup;
			children = (
				F0010011 /* DiscoverView.swift */,
				F0010108 /* DiscoverCriteriaStrip.swift */,
				F0010109 /* DiscoverCriteriaEditorSheet.swift */,
				F001010A /* DiscoverBookPickerView.swift */,
			);
			path = Discover;
			sourceTree = "<group>";
		};
		G001000D /* Library */ = {
			isa = PBXGroup;
			children = (
				F0010012 /* LibraryView.swift */,
				F0010048 /* PushDiagnosticsView.swift */,
				F001003C /* LibraryReadQueueSegmentShared.swift */,
				F0010013 /* GridLibraryView.swift */,
				F0010036 /* QueueLibraryView.swift */,
				F001003B /* QueueBookDragCover.swift */,
				F001003F /* LibraryDragHaptics.swift */,
				F001003A /* UserLibraryDetailView.swift */,
				F0010016 /* TimelineLibraryView.swift */,
				F0010014 /* RatingLibraryView.swift */,
				F0010015 /* TierListView.swift */,
				F00100F0 /* TierBadge.swift */,
			);
			path = Library;
			sourceTree = "<group>";
		};
		G001000E /* Profile */ = {
			isa = PBXGroup;
			children = (
				F0010017 /* ProfileView.swift */,
			);
			path = Profile;
			sourceTree = "<group>";
		};
		G0010010 /* Helpers */ = {
			isa = PBXGroup;
			children = (
				F0010022 /* RootViewController.swift */,
			);
			path = Helpers;
			sourceTree = "<group>";
		};
		G0010011 /* Book */ = {
			isa = PBXGroup;
			children = (
				F001002B /* BookProfileView.swift */,
				F0010053 /* BookRefresherView.swift */,
				F0018D72 /* BookSummaryMoreView.swift */,
				F0010042 /* EditReadReviewSheet.swift */,
				F0010046 /* MarkAsReadInlineOverlay.swift */,
			);
			path = Book;
			sourceTree = "<group>";
		};
		G00B1E00 /* Blend */ = {
			isa = PBXGroup;
			children = (
				F00B1E03 /* BookBlendInviteView.swift */,
				F00B1E04 /* BookBlendStoryView.swift */,
			);
			path = Blend;
			sourceTree = "<group>";
		};
		G0010012 /* Goodreads */ = {
			isa = PBXGroup;
			children = (
				F0010034 /* GoodreadsImportView.swift */,
				F0010102 /* GoodreadsExportWebView.swift */,
				F001003E /* GoodreadsImportTutorialEmbed.swift */,
			);
			path = Goodreads;
			sourceTree = "<group>";
		};
		G0010203 /* Friends */ = {
			isa = PBXGroup;
			children = (
				F0010207 /* FindFriendsView.swift */,
				F0010208 /* RecommendBookSheet.swift */,
			);
			path = Friends;
			sourceTree = "<group>";
		};
/* End PBXGroup section */

/* Begin PBXNativeTarget section */
		8BB298632F671AAA007008DC /* WellReadShareExtension */ = {
			isa = PBXNativeTarget;
			buildConfigurationList = 8BB298732F671AAA007008DC /* Build configuration list for PBXNativeTarget "WellReadShareExtension" */;
			buildPhases = (
				8BB298602F671AAA007008DC /* Sources */,
				8BB298612F671AAA007008DC /* Frameworks */,
				8BB298622F671AAA007008DC /* Resources */,
			);
			buildRules = (
			);
			dependencies = (
			);
			fileSystemSynchronizedGroups = (
				8BB298652F671AAA007008DC /* WellReadShareExtension */,
			);
			name = WellReadShareExtension;
			packageProductDependencies = (
			);
			productName = WellReadShareExtension;
			productReference = 8BB298642F671AAA007008DC /* WellReadShareExtension.appex */;
			productType = "com.apple.product-type.app-extension";
		};
		NE010001 /* WellReadNotificationService */ = {
			isa = PBXNativeTarget;
			buildConfigurationList = NE01000B /* Build configuration list for PBXNativeTarget "WellReadNotificationService" */;
			buildPhases = (
				NE010005 /* Sources */,
				NE010006 /* Frameworks */,
				NE010007 /* Resources */,
			);
			buildRules = (
			);
			dependencies = (
			);
			fileSystemSynchronizedGroups = (
				NE010003 /* WellReadNotificationService */,
			);
			name = WellReadNotificationService;
			packageProductDependencies = (
			);
			productName = WellReadNotificationService;
			productReference = NE010002 /* WellReadNotificationService.appex */;
			productType = "com.apple.product-type.app-extension";
		};
		T0010001 /* WellRead */ = {
			isa = PBXNativeTarget;
			buildConfigurationList = C0020001 /* Build configuration list for PBXNativeTarget "WellRead" */;
			buildPhases = (
				C0010002 /* Sources */,
				C0010001 /* Frameworks */,
				C0010003 /* Resources */,
				8BB2986F2F671AAA007008DC /* Embed Foundation Extensions */,
			);
			buildRules = (
			);
			dependencies = (
				8BB2986D2F671AAA007008DC /* PBXTargetDependency */,
				NE010009 /* PBXTargetDependency */,
				WG010009 /* PBXTargetDependency */,
			);
			name = WellRead;
			packageProductDependencies = (
				8BE1FABE2F4E8A70006ED44D /* FirebaseCore */,
				8BE1FABF2F4E8A70006ED44D /* FirebaseAuth */,
				8BE1FAC32F4E8A70006ED44D /* FirebaseFirestore */,
				8BE1FAC42F4E8A70006ED44D /* FirebaseStorage */,
				8BE1FAC22F4E8B00006ED44D /* GoogleSignIn */,
				8BE1FAC52F4E8A70006ED44D /* FirebaseMessaging */,
				8BE1FAC72F4E8A70006ED44D /* FirebaseFunctions */,
			);
			productName = WellRead;
			productReference = E0010000 /* WellRead.app */;
			productType = "com.apple.product-type.application";
		};
		WG010001 /* WellReadWidget */ = {
			isa = PBXNativeTarget;
			buildConfigurationList = WG01000B /* Build configuration list for PBXNativeTarget "WellReadWidget" */;
			buildPhases = (
				WG010005 /* Sources */,
				WG010006 /* Frameworks */,
				WG010007 /* Resources */,
			);
			buildRules = (
			);
			dependencies = (
			);
			fileSystemSynchronizedGroups = (
				WG010003 /* WellReadWidget */,
			);
			name = WellReadWidget;
			packageProductDependencies = (
			);
			productName = WellReadWidget;
			productReference = WG010002 /* WellReadWidget.appex */;
			productType = "com.apple.product-type.app-extension";
		};
/* End PBXNativeTarget section */

/* Begin PBXProject section */
		P0010001 /* Project object */ = {
			isa = PBXProject;
			attributes = {
				BuildIndependentTargetsInParallel = 1;
				LastSwiftUpdateCheck = 2620;
				LastUpgradeCheck = 1500;
				TargetAttributes = {
					8BB298632F671AAA007008DC = {
						CreatedOnToolsVersion = 26.2;
					};
					NE010001 = {
						CreatedOnToolsVersion = 26.2;
					};
					WG010001 = {
						CreatedOnToolsVersion = 26.2;
					};
				};
			};
			buildConfigurationList = C0020002 /* Build configuration list for PBXProject "WellRead" */;
			compatibilityVersion = "Xcode 14.0";
			developmentRegion = en;
			hasScannedForEncodings = 0;
			knownRegions = (
				en,
				Base,
			);
			mainGroup = G0010000;
			packageReferences = (
				8BE1FABD2F4E8A70006ED44D /* XCRemoteSwiftPackageReference "firebase-ios-sdk" */,
				8BE1FAC12F4E8B00006ED44D /* XCRemoteSwiftPackageReference "GoogleSignIn-iOS" */,
			);
			productRefGroup = G0010002 /* Products */;
			projectDirPath = "";
			projectRoot = "";
			targets = (
				T0010001 /* WellRead */,
				8BB298632F671AAA007008DC /* WellReadShareExtension */,
				NE010001 /* WellReadNotificationService */,
				WG010001 /* WellReadWidget */,
			);
		};
/* End PBXProject section */

/* Begin PBXResourcesBuildPhase section */
		8BB298622F671AAA007008DC /* Resources */ = {
			isa = PBXResourcesBuildPhase;
			buildActionMask = 2147483647;
			files = (
			);
			runOnlyForDeploymentPostprocessing = 0;
		};
		C0010003 /* Resources */ = {
			isa = PBXResourcesBuildPhase;
			buildActionMask = 2147483647;
			files = (
				8B7B90EC2F54C77000B7FB0C /* Secrets.plist in Resources */,
				B0010018 /* Assets.xcassets in Resources */,
				B0010038 /* Tags.csv in Resources */,
				B0010019 /* (null) in Resources */,
				B001001A /* WellRead/GoogleService-Info.plist in Resources */,
				8BB4CBC32F4E9F2B0068B4B6 /* WellRead Firebase Service Info.plist in Resources */,
			);
			runOnlyForDeploymentPostprocessing = 0;
		};
		NE010007 /* Resources */ = {
			isa = PBXResourcesBuildPhase;
			buildActionMask = 2147483647;
			files = (
			);
			runOnlyForDeploymentPostprocessing = 0;
		};
		WG010007 /* Resources */ = {
			isa = PBXResourcesBuildPhase;
			buildActionMask = 2147483647;
			files = (
			);
			runOnlyForDeploymentPostprocessing = 0;
		};
/* End PBXResourcesBuildPhase section */

/* Begin PBXSourcesBuildPhase section */
		8BB298602F671AAA007008DC /* Sources */ = {
			isa = PBXSourcesBuildPhase;
			buildActionMask = 2147483647;
			files = (
			);
			runOnlyForDeploymentPostprocessing = 0;
		};
		C0010002 /* Sources */ = {
			isa = PBXSourcesBuildPhase;
			buildActionMask = 2147483647;
			files = (
				B0010001 /* WellReadApp.swift in Sources */,
				B0010002 /* RootView.swift in Sources */,
				B0010003 /* AppState.swift in Sources */,
				B0010004 /* Theme.swift in Sources */,
				B0010005 /* User.swift in Sources */,
				B0010006 /* Book.swift in Sources */,
				B0010007 /* Comment.swift in Sources */,
				B0010008 /* Post.swift in Sources */,
				B0010009 /* UserBook.swift in Sources */,
				B001000A /* GoogleBooksService.swift in Sources */,
				B001000B /* MainTabView.swift in Sources */,
				B001000C /* OnboardingFlowView.swift in Sources */,
				B0010037 /* ProfileCompletionView.swift in Sources */,
				B001003D /* WelcomeSpinesGoodreadsModal.swift in Sources */,
				B0010029 /* ReviewerLoginView.swift in Sources */,
				B001000D /* AddBookFlowView.swift in Sources */,
				B001000E /* BookSearchRow.swift in Sources */,
				B0010100 /* NoSuggestionsTextField.swift in Sources */,
				B001000F /* BookCoverView.swift in Sources */,
				B00100FA /* Toast.swift in Sources */,
				B0010010 /* FeedView.swift in Sources */,
				B0010011 /* DiscoverView.swift in Sources */,
				B0010012 /* LibraryView.swift in Sources */,
				B001003C /* LibraryReadQueueSegmentShared.swift in Sources */,
				B0010013 /* GridLibraryView.swift in Sources */,
				B001003A /* UserLibraryDetailView.swift in Sources */,
				B0010036 /* QueueLibraryView.swift in Sources */,
				B001003B /* QueueBookDragCover.swift in Sources */,
				B001003F /* LibraryDragHaptics.swift in Sources */,
				B0010014 /* RatingLibraryView.swift in Sources */,
				B0010015 /* TierListView.swift in Sources */,
				B00100F0 /* TierBadge.swift in Sources */,
				B0010016 /* TimelineLibraryView.swift in Sources */,
				B0010017 /* ProfileView.swift in Sources */,
				B0010020 /* AuthService.swift in Sources */,
				B0010021 /* UserRepository.swift in Sources */,
				B0010022 /* RootViewController.swift in Sources */,
				B0010023 /* BookRepository.swift in Sources */,
				B0010024 /* UserBookRepository.swift in Sources */,
				B0010025 /* PostRepository.swift in Sources */,
				B0010026 /* CommentRepository.swift in Sources */,
				B0010027 /* ApiKeys.swift in Sources */,
				B0010028 /* ClaudeService.swift in Sources */,
				B001002A /* LocalLibraryCache.swift in Sources */,
				B001002C /* BookProfileService.swift in Sources */,
				B0010039 /* WellReadTagCatalog.swift in Sources */,
				B001002B /* BookProfileView.swift in Sources */,
				B0010046 /* MarkAsReadInlineOverlay.swift in Sources */,
				B001002D /* DismissedSuggestionsRepository.swift in Sources */,
				B001002E /* DiscoverSuggestionsService.swift in Sources */,
				B001002F /* ProfilePhotoService.swift in Sources */,
				B0010040 /* ProfileImageCache.swift in Sources */,
				B0010041 /* CachedProfileImage.swift in Sources */,
				B0010C47 /* CircularPhotoCropView.swift in Sources */,
				B0010201 /* ReadingNowFanStack.swift in Sources */,
				B0010042 /* EditReadReviewSheet.swift in Sources */,
				B0010030 /* CommentsView.swift in Sources */,
				B0010032 /* GoodreadsCSVParser.swift in Sources */,
				B0010033 /* GoodreadsImportService.swift in Sources */,
				B0010101 /* GoodreadsWizardSession.swift in Sources */,
				B0010103 /* CoverResolutionStore.swift in Sources */,
				B0010104 /* ITunesCoverService.swift in Sources */,
				B0010105 /* BookSearchRanker.swift in Sources */,
				B0010106 /* DiscoverCriteria.swift in Sources */,
				B0010202 /* ContactSyncService.swift in Sources */,
				B0010203 /* BookRecommendation.swift in Sources */,
				B0010204 /* RecommendationRepository.swift in Sources */,
				B0010205 /* AppLinks.swift in Sources */,
				B0010206 /* MessageComposeView.swift in Sources */,
				B0010207 /* FindFriendsView.swift in Sources */,
				B0010208 /* RecommendBookSheet.swift in Sources */,
				B0010107 /* TagCatalogPicker.swift in Sources */,
				B0010108 /* DiscoverCriteriaStrip.swift in Sources */,
				B0010109 /* DiscoverCriteriaEditorSheet.swift in Sources */,
				B001010A /* DiscoverBookPickerView.swift in Sources */,
				B0010034 /* GoodreadsImportView.swift in Sources */,
				B0010102 /* GoodreadsExportWebView.swift in Sources */,
				B001003E /* GoodreadsImportTutorialEmbed.swift in Sources */,
				B0010035 /* GoodreadsShareHelper.swift in Sources */,
				B0010043 /* PushNotificationService.swift in Sources */,
				B0010047 /* PushRegistrationDiagnostics.swift in Sources */,
				B0010050 /* PushNotificationNudgeStorage.swift in Sources */,
				B0010048 /* PushDiagnosticsView.swift in Sources */,
				B0010049 /* PushNotificationPromptView.swift in Sources */,
				B0010051 /* PushNotificationNudgeModal.swift in Sources */,
				B0010052 /* BookRefresherService.swift in Sources */,
				B0018D71 /* BookSummaryMoreService.swift in Sources */,
				B0010054 /* MatchScoreService.swift in Sources */,
				B00B1E01 /* BookBlend.swift in Sources */,
				B00B1E02 /* BookBlendService.swift in Sources */,
				B00B1E03 /* BookBlendInviteView.swift in Sources */,
				B00B1E04 /* BookBlendStoryView.swift in Sources */,
				B00B1E05 /* OpenLibraryService.swift in Sources */,
				B00B1E06 /* BookSearchCacheService.swift in Sources */,
				B0010053 /* BookRefresherView.swift in Sources */,
				B0018D72 /* BookSummaryMoreView.swift in Sources */,
				B0010044 /* FeedCommunityWelcomeModal.swift in Sources */,
				B0010045 /* FlowLayout.swift in Sources */,
				WG010012 /* WidgetSnapshot.swift in Sources */,
				WG010014 /* WidgetDataService.swift in Sources */,
			);
			runOnlyForDeploymentPostprocessing = 0;
		};
		NE010005 /* Sources */ = {
			isa = PBXSourcesBuildPhase;
			buildActionMask = 2147483647;
			files = (
			);
			runOnlyForDeploymentPostprocessing = 0;
		};
		WG010005 /* Sources */ = {
			isa = PBXSourcesBuildPhase;
			buildActionMask = 2147483647;
			files = (
				WG010010 /* WidgetSnapshot.swift in Sources */,
			);
			runOnlyForDeploymentPostprocessing = 0;
		};
/* End PBXSourcesBuildPhase section */

/* Begin PBXTargetDependency section */
		8BB2986D2F671AAA007008DC /* PBXTargetDependency */ = {
			isa = PBXTargetDependency;
			target = 8BB298632F671AAA007008DC /* WellReadShareExtension */;
			targetProxy = 8BB2986C2F671AAA007008DC /* PBXContainerItemProxy */;
		};
		NE010009 /* PBXTargetDependency */ = {
			isa = PBXTargetDependency;
			target = NE010001 /* WellReadNotificationService */;
			targetProxy = NE010008 /* PBXContainerItemProxy */;
		};
		WG010009 /* PBXTargetDependency */ = {
			isa = PBXTargetDependency;
			target = WG010001 /* WellReadWidget */;
			targetProxy = WG010008 /* PBXContainerItemProxy */;
		};
/* End PBXTargetDependency section */

/* Begin XCBuildConfiguration section */
		8BB298702F671AAA007008DC /* Debug */ = {
			isa = XCBuildConfiguration;
			buildSettings = {
				CLANG_ANALYZER_NUMBER_OBJECT_CONVERSION = YES_AGGRESSIVE;
				CLANG_CXX_LANGUAGE_STANDARD = "gnu++20";
				CLANG_ENABLE_OBJC_ARC = YES;
				CLANG_ENABLE_OBJC_WEAK = YES;
				CLANG_WARN_BLOCK_CAPTURE_AUTORELEASING = YES;
				CLANG_WARN_BOOL_CONVERSION = YES;
				CLANG_WARN_COMMA = YES;
				CLANG_WARN_CONSTANT_CONVERSION = YES;
				CLANG_WARN_DEPRECATED_OBJC_IMPLEMENTATIONS = YES;
				CLANG_WARN_DIRECT_OBJC_ISA_USAGE = YES_ERROR;
				CLANG_WARN_DOCUMENTATION_COMMENTS = YES;
				CLANG_WARN_EMPTY_BODY = YES;
				CLANG_WARN_ENUM_CONVERSION = YES;
				CLANG_WARN_INFINITE_RECURSION = YES;
				CLANG_WARN_INT_CONVERSION = YES;
				CLANG_WARN_NON_LITERAL_NULL_CONVERSION = YES;
				CLANG_WARN_OBJC_IMPLICIT_RETAIN_SELF = YES;
				CLANG_WARN_OBJC_LITERAL_CONVERSION = YES;
				CLANG_WARN_OBJC_ROOT_CLASS = YES_ERROR;
				CLANG_WARN_QUOTED_INCLUDE_IN_FRAMEWORK_HEADER = YES;
				CLANG_WARN_RANGE_LOOP_ANALYSIS = YES;
				CLANG_WARN_STRICT_PROTOTYPES = YES;
				CLANG_WARN_SUSPICIOUS_MOVE = YES;
				CLANG_WARN_UNGUARDED_AVAILABILITY = YES_AGGRESSIVE;
				CLANG_WARN_UNREACHABLE_CODE = YES;
				CLANG_WARN__DUPLICATE_METHOD_MATCH = YES;
				CODE_SIGN_ENTITLEMENTS = WellReadShareExtension/WellReadShareExtension.entitlements;
				CODE_SIGN_STYLE = Automatic;
				CURRENT_PROJECT_VERSION = 1;
				DEVELOPMENT_TEAM = T32N9X64JM;
				ENABLE_USER_SCRIPT_SANDBOXING = YES;
				GCC_C_LANGUAGE_STANDARD = gnu17;
				GCC_NO_COMMON_BLOCKS = YES;
				GCC_WARN_64_TO_32_BIT_CONVERSION = YES;
				GCC_WARN_ABOUT_RETURN_TYPE = YES_ERROR;
				GCC_WARN_UNDECLARED_SELECTOR = YES;
				GCC_WARN_UNINITIALIZED_AUTOS = YES_AGGRESSIVE;
				GCC_WARN_UNUSED_FUNCTION = YES;
				GCC_WARN_UNUSED_VARIABLE = YES;
				GENERATE_INFOPLIST_FILE = YES;
				INFOPLIST_FILE = WellReadShareExtension/Info.plist;
				INFOPLIST_KEY_CFBundleDisplayName = SPINE;
				INFOPLIST_KEY_NSHumanReadableCopyright = "";
				IPHONEOS_DEPLOYMENT_TARGET = 26.2;
				LD_RUNPATH_SEARCH_PATHS = (
					"$(inherited)",
					"@executable_path/Frameworks",
					"@executable_path/../../Frameworks",
				);
				LOCALIZATION_PREFERS_STRING_CATALOGS = YES;
				MARKETING_VERSION = 1.0;
				PRODUCT_BUNDLE_IDENTIFIER = com.wellread.app.WellReadShareExtension;
				PRODUCT_NAME = "$(TARGET_NAME)";
				SDKROOT = iphoneos;
				SKIP_INSTALL = YES;
				STRING_CATALOG_GENERATE_SYMBOLS = YES;
				SWIFT_APPROACHABLE_CONCURRENCY = YES;
				SWIFT_EMIT_LOC_STRINGS = YES;
				SWIFT_UPCOMING_FEATURE_MEMBER_IMPORT_VISIBILITY = YES;
				SWIFT_VERSION = 5.0;
				TARGETED_DEVICE_FAMILY = "1,2";
			};
			name = Debug;
		};
		8BB298712F671AAA007008DC /* Release */ = {
			isa = XCBuildConfiguration;
			buildSettings = {
				CLANG_ANALYZER_NUMBER_OBJECT_CONVERSION = YES_AGGRESSIVE;
				CLANG_CXX_LANGUAGE_STANDARD = "gnu++20";
				CLANG_ENABLE_OBJC_ARC = YES;
				CLANG_ENABLE_OBJC_WEAK = YES;
				CLANG_WARN_BLOCK_CAPTURE_AUTORELEASING = YES;
				CLANG_WARN_BOOL_CONVERSION = YES;
				CLANG_WARN_COMMA = YES;
				CLANG_WARN_CONSTANT_CONVERSION = YES;
				CLANG_WARN_DEPRECATED_OBJC_IMPLEMENTATIONS = YES;
				CLANG_WARN_DIRECT_OBJC_ISA_USAGE = YES_ERROR;
				CLANG_WARN_DOCUMENTATION_COMMENTS = YES;
				CLANG_WARN_EMPTY_BODY = YES;
				CLANG_WARN_ENUM_CONVERSION = YES;
				CLANG_WARN_INFINITE_RECURSION = YES;
				CLANG_WARN_INT_CONVERSION = YES;
				CLANG_WARN_NON_LITERAL_NULL_CONVERSION = YES;
				CLANG_WARN_OBJC_IMPLICIT_RETAIN_SELF = YES;
				CLANG_WARN_OBJC_LITERAL_CONVERSION = YES;
				CLANG_WARN_OBJC_ROOT_CLASS = YES_ERROR;
				CLANG_WARN_QUOTED_INCLUDE_IN_FRAMEWORK_HEADER = YES;
				CLANG_WARN_RANGE_LOOP_ANALYSIS = YES;
				CLANG_WARN_STRICT_PROTOTYPES = YES;
				CLANG_WARN_SUSPICIOUS_MOVE = YES;
				CLANG_WARN_UNGUARDED_AVAILABILITY = YES_AGGRESSIVE;
				CLANG_WARN_UNREACHABLE_CODE = YES;
				CLANG_WARN__DUPLICATE_METHOD_MATCH = YES;
				CODE_SIGN_ENTITLEMENTS = WellReadShareExtension/WellReadShareExtension.entitlements;
				CODE_SIGN_STYLE = Automatic;
				CURRENT_PROJECT_VERSION = 1;
				DEVELOPMENT_TEAM = T32N9X64JM;
				ENABLE_USER_SCRIPT_SANDBOXING = YES;
				GCC_C_LANGUAGE_STANDARD = gnu17;
				GCC_NO_COMMON_BLOCKS = YES;
				GCC_WARN_64_TO_32_BIT_CONVERSION = YES;
				GCC_WARN_ABOUT_RETURN_TYPE = YES_ERROR;
				GCC_WARN_UNDECLARED_SELECTOR = YES;
				GCC_WARN_UNINITIALIZED_AUTOS = YES_AGGRESSIVE;
				GCC_WARN_UNUSED_FUNCTION = YES;
				GCC_WARN_UNUSED_VARIABLE = YES;
				GENERATE_INFOPLIST_FILE = YES;
				INFOPLIST_FILE = WellReadShareExtension/Info.plist;
				INFOPLIST_KEY_CFBundleDisplayName = SPINE;
				INFOPLIST_KEY_NSHumanReadableCopyright = "";
				IPHONEOS_DEPLOYMENT_TARGET = 26.2;
				LD_RUNPATH_SEARCH_PATHS = (
					"$(inherited)",
					"@executable_path/Frameworks",
					"@executable_path/../../Frameworks",
				);
				LOCALIZATION_PREFERS_STRING_CATALOGS = YES;
				MARKETING_VERSION = 1.0;
				PRODUCT_BUNDLE_IDENTIFIER = com.wellread.app.WellReadShareExtension;
				PRODUCT_NAME = "$(TARGET_NAME)";
				SDKROOT = iphoneos;
				SKIP_INSTALL = YES;
				STRING_CATALOG_GENERATE_SYMBOLS = YES;
				SWIFT_APPROACHABLE_CONCURRENCY = YES;
				SWIFT_EMIT_LOC_STRINGS = YES;
				SWIFT_UPCOMING_FEATURE_MEMBER_IMPORT_VISIBILITY = YES;
				SWIFT_VERSION = 5.0;
				TARGETED_DEVICE_FAMILY = "1,2";
				VALIDATE_PRODUCT = YES;
			};
			name = Release;
		};
		NE01000C /* Debug */ = {
			isa = XCBuildConfiguration;
			buildSettings = {
				CLANG_ANALYZER_NUMBER_OBJECT_CONVERSION = YES_AGGRESSIVE;
				CLANG_CXX_LANGUAGE_STANDARD = "gnu++20";
				CLANG_ENABLE_OBJC_ARC = YES;
				CLANG_ENABLE_OBJC_WEAK = YES;
				CODE_SIGN_STYLE = Automatic;
				CURRENT_PROJECT_VERSION = 1;
				DEVELOPMENT_TEAM = T32N9X64JM;
				ENABLE_USER_SCRIPT_SANDBOXING = YES;
				GCC_C_LANGUAGE_STANDARD = gnu17;
				GCC_NO_COMMON_BLOCKS = YES;
				GENERATE_INFOPLIST_FILE = YES;
				INFOPLIST_FILE = WellReadNotificationService/Info.plist;
				INFOPLIST_KEY_CFBundleDisplayName = SPINE;
				INFOPLIST_KEY_NSHumanReadableCopyright = "";
				IPHONEOS_DEPLOYMENT_TARGET = 17.0;
				LD_RUNPATH_SEARCH_PATHS = (
					"$(inherited)",
					"@executable_path/Frameworks",
					"@executable_path/../../Frameworks",
				);
				LOCALIZATION_PREFERS_STRING_CATALOGS = YES;
				MARKETING_VERSION = 2.0;
				PRODUCT_BUNDLE_IDENTIFIER = com.wellread.app.WellReadNotificationService;
				PRODUCT_NAME = "$(TARGET_NAME)";
				SDKROOT = iphoneos;
				SKIP_INSTALL = YES;
				STRING_CATALOG_GENERATE_SYMBOLS = YES;
				SWIFT_APPROACHABLE_CONCURRENCY = YES;
				SWIFT_EMIT_LOC_STRINGS = YES;
				SWIFT_UPCOMING_FEATURE_MEMBER_IMPORT_VISIBILITY = YES;
				SWIFT_VERSION = 5.0;
				TARGETED_DEVICE_FAMILY = "1,2";
			};
			name = Debug;
		};
		NE01000D /* Release */ = {
			isa = XCBuildConfiguration;
			buildSettings = {
				CLANG_ANALYZER_NUMBER_OBJECT_CONVERSION = YES_AGGRESSIVE;
				CLANG_CXX_LANGUAGE_STANDARD = "gnu++20";
				CLANG_ENABLE_OBJC_ARC = YES;
				CLANG_ENABLE_OBJC_WEAK = YES;
				CODE_SIGN_STYLE = Automatic;
				CURRENT_PROJECT_VERSION = 1;
				DEVELOPMENT_TEAM = T32N9X64JM;
				ENABLE_USER_SCRIPT_SANDBOXING = YES;
				GCC_C_LANGUAGE_STANDARD = gnu17;
				GCC_NO_COMMON_BLOCKS = YES;
				GENERATE_INFOPLIST_FILE = YES;
				INFOPLIST_FILE = WellReadNotificationService/Info.plist;
				INFOPLIST_KEY_CFBundleDisplayName = SPINE;
				INFOPLIST_KEY_NSHumanReadableCopyright = "";
				IPHONEOS_DEPLOYMENT_TARGET = 17.0;
				LD_RUNPATH_SEARCH_PATHS = (
					"$(inherited)",
					"@executable_path/Frameworks",
					"@executable_path/../../Frameworks",
				);
				LOCALIZATION_PREFERS_STRING_CATALOGS = YES;
				MARKETING_VERSION = 2.0;
				PRODUCT_BUNDLE_IDENTIFIER = com.wellread.app.WellReadNotificationService;
				PRODUCT_NAME = "$(TARGET_NAME)";
				SDKROOT = iphoneos;
				SKIP_INSTALL = YES;
				STRING_CATALOG_GENERATE_SYMBOLS = YES;
				SWIFT_APPROACHABLE_CONCURRENCY = YES;
				SWIFT_EMIT_LOC_STRINGS = YES;
				SWIFT_UPCOMING_FEATURE_MEMBER_IMPORT_VISIBILITY = YES;
				SWIFT_VERSION = 5.0;
				TARGETED_DEVICE_FAMILY = "1,2";
				VALIDATE_PRODUCT = YES;
			};
			name = Release;
		};
		WG01000C /* Debug */ = {
			isa = XCBuildConfiguration;
			buildSettings = {
				CLANG_ANALYZER_NUMBER_OBJECT_CONVERSION = YES_AGGRESSIVE;
				CLANG_CXX_LANGUAGE_STANDARD = "gnu++20";
				CLANG_ENABLE_OBJC_ARC = YES;
				CLANG_ENABLE_OBJC_WEAK = YES;
				CODE_SIGN_ENTITLEMENTS = WellReadWidget/WellReadWidget.entitlements;
				CODE_SIGN_STYLE = Automatic;
				CURRENT_PROJECT_VERSION = 1;
				DEVELOPMENT_TEAM = T32N9X64JM;
				ENABLE_USER_SCRIPT_SANDBOXING = YES;
				GCC_C_LANGUAGE_STANDARD = gnu17;
				GCC_NO_COMMON_BLOCKS = YES;
				GENERATE_INFOPLIST_FILE = YES;
				INFOPLIST_FILE = WellReadWidget/Info.plist;
				INFOPLIST_KEY_CFBundleDisplayName = SPINE;
				INFOPLIST_KEY_NSHumanReadableCopyright = "";
				IPHONEOS_DEPLOYMENT_TARGET = 17.0;
				LD_RUNPATH_SEARCH_PATHS = (
					"$(inherited)",
					"@executable_path/Frameworks",
					"@executable_path/../../Frameworks",
				);
				LOCALIZATION_PREFERS_STRING_CATALOGS = YES;
				MARKETING_VERSION = 2.0;
				PRODUCT_BUNDLE_IDENTIFIER = com.wellread.app.WellReadWidget;
				PRODUCT_NAME = "$(TARGET_NAME)";
				SDKROOT = iphoneos;
				SKIP_INSTALL = YES;
				STRING_CATALOG_GENERATE_SYMBOLS = YES;
				SWIFT_APPROACHABLE_CONCURRENCY = YES;
				SWIFT_EMIT_LOC_STRINGS = YES;
				SWIFT_UPCOMING_FEATURE_MEMBER_IMPORT_VISIBILITY = YES;
				SWIFT_VERSION = 5.0;
				TARGETED_DEVICE_FAMILY = "1,2";
			};
			name = Debug;
		};
		WG01000D /* Release */ = {
			isa = XCBuildConfiguration;
			buildSettings = {
				CLANG_ANALYZER_NUMBER_OBJECT_CONVERSION = YES_AGGRESSIVE;
				CLANG_CXX_LANGUAGE_STANDARD = "gnu++20";
				CLANG_ENABLE_OBJC_ARC = YES;
				CLANG_ENABLE_OBJC_WEAK = YES;
				CODE_SIGN_ENTITLEMENTS = WellReadWidget/WellReadWidget.entitlements;
				CODE_SIGN_STYLE = Automatic;
				CURRENT_PROJECT_VERSION = 1;
				DEVELOPMENT_TEAM = T32N9X64JM;
				ENABLE_USER_SCRIPT_SANDBOXING = YES;
				GCC_C_LANGUAGE_STANDARD = gnu17;
				GCC_NO_COMMON_BLOCKS = YES;
				GENERATE_INFOPLIST_FILE = YES;
				INFOPLIST_FILE = WellReadWidget/Info.plist;
				INFOPLIST_KEY_CFBundleDisplayName = SPINE;
				INFOPLIST_KEY_NSHumanReadableCopyright = "";
				IPHONEOS_DEPLOYMENT_TARGET = 17.0;
				LD_RUNPATH_SEARCH_PATHS = (
					"$(inherited)",
					"@executable_path/Frameworks",
					"@executable_path/../../Frameworks",
				);
				LOCALIZATION_PREFERS_STRING_CATALOGS = YES;
				MARKETING_VERSION = 2.0;
				PRODUCT_BUNDLE_IDENTIFIER = com.wellread.app.WellReadWidget;
				PRODUCT_NAME = "$(TARGET_NAME)";
				SDKROOT = iphoneos;
				SKIP_INSTALL = YES;
				STRING_CATALOG_GENERATE_SYMBOLS = YES;
				SWIFT_APPROACHABLE_CONCURRENCY = YES;
				SWIFT_EMIT_LOC_STRINGS = YES;
				SWIFT_UPCOMING_FEATURE_MEMBER_IMPORT_VISIBILITY = YES;
				SWIFT_VERSION = 5.0;
				TARGETED_DEVICE_FAMILY = "1,2";
				VALIDATE_PRODUCT = YES;
			};
			name = Release;
		};
		X0010001 /* Debug */ = {
			isa = XCBuildConfiguration;
			buildSettings = {
				ALWAYS_SEARCH_USER_PATHS = NO;
				ASSETCATALOG_COMPILER_GENERATE_SWIFT_ASSET_SYMBOL_EXTENSIONS = YES;
				CLANG_ANALYZER_NONNULL = YES;
				CLANG_ENABLE_MODULES = YES;
				COPY_PHASE_STRIP = NO;
				DEBUG_INFORMATION_FORMAT = dwarf;
				ENABLE_STRICT_OBJC_MSGSEND = YES;
				ENABLE_TESTABILITY = YES;
				GCC_DYNAMIC_NO_PIC = NO;
				GCC_OPTIMIZATION_LEVEL = 0;
				GCC_PREPROCESSOR_DEFINITIONS = (
					"DEBUG=1",
					"$(inherited)",
				);
				IPHONEOS_DEPLOYMENT_TARGET = 17.0;
				MTL_ENABLE_DEBUG_INFO = INCLUDE_SOURCE;
				MTL_FAST_MATH = YES;
				ONLY_ACTIVE_ARCH = YES;
				SWIFT_ACTIVE_COMPILATION_CONDITIONS = "DEBUG $(inherited)";
				SWIFT_OPTIMIZATION_LEVEL = "-Onone";
			};
			name = Debug;
		};
		X0010002 /* Release */ = {
			isa = XCBuildConfiguration;
			buildSettings = {
				ALWAYS_SEARCH_USER_PATHS = NO;
				ASSETCATALOG_COMPILER_GENERATE_SWIFT_ASSET_SYMBOL_EXTENSIONS = YES;
				CLANG_ANALYZER_NONNULL = YES;
				CLANG_ENABLE_MODULES = YES;
				COPY_PHASE_STRIP = NO;
				DEBUG_INFORMATION_FORMAT = "dwarf-with-dsym";
				ENABLE_NS_ASSERTIONS = NO;
				ENABLE_STRICT_OBJC_MSGSEND = YES;
				GCC_OPTIMIZATION_LEVEL = s;
				IPHONEOS_DEPLOYMENT_TARGET = 17.0;
				MTL_ENABLE_DEBUG_INFO = NO;
				MTL_FAST_MATH = YES;
				SWIFT_COMPILATION_MODE = wholemodule;
			};
			name = Release;
		};
		X0010003 /* Debug */ = {
			isa = XCBuildConfiguration;
			buildSettings = {
				ASSETCATALOG_COMPILER_APPICON_NAME = AppIcon;
				ASSETCATALOG_COMPILER_GLOBAL_ACCENT_COLOR_NAME = AccentColor;
				CODE_SIGN_ENTITLEMENTS = WellRead/WellRead.entitlements;
				CODE_SIGN_STYLE = Automatic;
				CURRENT_PROJECT_VERSION = 1;
				DEVELOPMENT_TEAM = T32N9X64JM;
				GENERATE_INFOPLIST_FILE = NO;
				INFOPLIST_FILE = WellRead/Info.plist;
				INFOPLIST_KEY_CFBundleDisplayName = SPINE;
				INFOPLIST_KEY_LSApplicationCategoryType = "public.app-category.books";
				INFOPLIST_KEY_UIApplicationSupportsIndirectInputEvents = YES;
				LD_RUNPATH_SEARCH_PATHS = (
					"$(inherited)",
					"@executable_path/Frameworks",
				);
				MARKETING_VERSION = 2.0;
				PRODUCT_BUNDLE_IDENTIFIER = com.wellread.app;
				PRODUCT_NAME = "$(TARGET_NAME)";
				SDKROOT = iphoneos;
				SWIFT_EMIT_LOC_STRINGS = YES;
				SWIFT_VERSION = 5.0;
				TARGETED_DEVICE_FAMILY = 1;
			};
			name = Debug;
		};
		X0010004 /* Release */ = {
			isa = XCBuildConfiguration;
			buildSettings = {
				ASSETCATALOG_COMPILER_APPICON_NAME = AppIcon;
				ASSETCATALOG_COMPILER_GLOBAL_ACCENT_COLOR_NAME = AccentColor;
				CODE_SIGN_ENTITLEMENTS = WellRead/WellRead.entitlements;
				CODE_SIGN_STYLE = Automatic;
				CURRENT_PROJECT_VERSION = 1;
				DEVELOPMENT_TEAM = T32N9X64JM;
				GENERATE_INFOPLIST_FILE = NO;
				INFOPLIST_FILE = WellRead/Info.plist;
				INFOPLIST_KEY_CFBundleDisplayName = SPINE;
				INFOPLIST_KEY_LSApplicationCategoryType = "public.app-category.books";
				INFOPLIST_KEY_UIApplicationSupportsIndirectInputEvents = YES;
				LD_RUNPATH_SEARCH_PATHS = (
					"$(inherited)",
					"@executable_path/Frameworks",
				);
				MARKETING_VERSION = 2.0;
				PRODUCT_BUNDLE_IDENTIFIER = com.wellread.app;
				PRODUCT_NAME = "$(TARGET_NAME)";
				SDKROOT = iphoneos;
				SWIFT_EMIT_LOC_STRINGS = YES;
				SWIFT_VERSION = 5.0;
				TARGETED_DEVICE_FAMILY = 1;
			};
			name = Release;
		};
/* End XCBuildConfiguration section */

/* Begin XCConfigurationList section */
		8BB298732F671AAA007008DC /* Build configuration list for PBXNativeTarget "WellReadShareExtension" */ = {
			isa = XCConfigurationList;
			buildConfigurations = (
				8BB298702F671AAA007008DC /* Debug */,
				8BB298712F671AAA007008DC /* Release */,
			);
			defaultConfigurationIsVisible = 0;
			defaultConfigurationName = Release;
		};
		C0020001 /* Build configuration list for PBXNativeTarget "WellRead" */ = {
			isa = XCConfigurationList;
			buildConfigurations = (
				X0010003 /* Debug */,
				X0010004 /* Release */,
			);
			defaultConfigurationIsVisible = 0;
			defaultConfigurationName = Release;
		};
		C0020002 /* Build configuration list for PBXProject "WellRead" */ = {
			isa = XCConfigurationList;
			buildConfigurations = (
				X0010001 /* Debug */,
				X0010002 /* Release */,
			);
			defaultConfigurationIsVisible = 0;
			defaultConfigurationName = Release;
		};
		NE01000B /* Build configuration list for PBXNativeTarget "WellReadNotificationService" */ = {
			isa = XCConfigurationList;
			buildConfigurations = (
				NE01000C /* Debug */,
				NE01000D /* Release */,
			);
			defaultConfigurationIsVisible = 0;
			defaultConfigurationName = Release;
		};
		WG01000B /* Build configuration list for PBXNativeTarget "WellReadWidget" */ = {
			isa = XCConfigurationList;
			buildConfigurations = (
				WG01000C /* Debug */,
				WG01000D /* Release */,
			);
			defaultConfigurationIsVisible = 0;
			defaultConfigurationName = Release;
		};
/* End XCConfigurationList section */

/* Begin XCRemoteSwiftPackageReference section */
		8BE1FABD2F4E8A70006ED44D /* XCRemoteSwiftPackageReference "firebase-ios-sdk" */ = {
			isa = XCRemoteSwiftPackageReference;
			repositoryURL = "https://github.com/firebase/firebase-ios-sdk";
			requirement = {
				kind = upToNextMajorVersion;
				minimumVersion = 12.9.0;
			};
		};
		8BE1FAC12F4E8B00006ED44D /* XCRemoteSwiftPackageReference "GoogleSignIn-iOS" */ = {
			isa = XCRemoteSwiftPackageReference;
			repositoryURL = "https://github.com/google/GoogleSignIn-iOS";
			requirement = {
				kind = upToNextMajorVersion;
				minimumVersion = 8.0.0;
			};
		};
/* End XCRemoteSwiftPackageReference section */

/* Begin XCSwiftPackageProductDependency section */
		8BE1FABE2F4E8A70006ED44D /* FirebaseCore */ = {
			isa = XCSwiftPackageProductDependency;
			package = 8BE1FABD2F4E8A70006ED44D /* XCRemoteSwiftPackageReference "firebase-ios-sdk" */;
			productName = FirebaseCore;
		};
		8BE1FABF2F4E8A70006ED44D /* FirebaseAuth */ = {
			isa = XCSwiftPackageProductDependency;
			package = 8BE1FABD2F4E8A70006ED44D /* XCRemoteSwiftPackageReference "firebase-ios-sdk" */;
			productName = FirebaseAuth;
		};
		8BE1FAC22F4E8B00006ED44D /* GoogleSignIn */ = {
			isa = XCSwiftPackageProductDependency;
			package = 8BE1FAC12F4E8B00006ED44D /* XCRemoteSwiftPackageReference "GoogleSignIn-iOS" */;
			productName = GoogleSignIn;
		};
		8BE1FAC32F4E8A70006ED44D /* FirebaseFirestore */ = {
			isa = XCSwiftPackageProductDependency;
			package = 8BE1FABD2F4E8A70006ED44D /* XCRemoteSwiftPackageReference "firebase-ios-sdk" */;
			productName = FirebaseFirestore;
		};
		8BE1FAC42F4E8A70006ED44D /* FirebaseStorage */ = {
			isa = XCSwiftPackageProductDependency;
			package = 8BE1FABD2F4E8A70006ED44D /* XCRemoteSwiftPackageReference "firebase-ios-sdk" */;
			productName = FirebaseStorage;
		};
		8BE1FAC52F4E8A70006ED44D /* FirebaseMessaging */ = {
			isa = XCSwiftPackageProductDependency;
			package = 8BE1FABD2F4E8A70006ED44D /* XCRemoteSwiftPackageReference "firebase-ios-sdk" */;
			productName = FirebaseMessaging;
		};
		8BE1FAC72F4E8A70006ED44D /* FirebaseFunctions */ = {
			isa = XCSwiftPackageProductDependency;
			package = 8BE1FABD2F4E8A70006ED44D /* XCRemoteSwiftPackageReference "firebase-ios-sdk" */;
			productName = FirebaseFunctions;
		};
/* End XCSwiftPackageProductDependency section */
	};
	rootObject = P0010001 /* Project object */;
}
