// !$*UTF8*$!
{
	archiveVersion = 1;
	classes = {
	};
	objectVersion = 56;
	objects = {

/* Begin PBXBuildFile section */
		8B7B90EC2F54C77000B7FB0C /* Secrets.plist in Resources */ = {isa = PBXBuildFile; fileRef = 8B7B90EB2F54C72300B7FB0C /* Secrets.plist */; };
		8BB4CBC02F4E9AEF0068B4B6 /* FirebaseCore in Frameworks */ = {isa = PBXBuildFile; productRef = 8BE1FABE2F4E8A70006ED44D /* FirebaseCore */; };
		8BB4CBC32F4E9F2B0068B4B6 /* WellRead Firebase Service Info.plist in Resources */ = {isa = PBXBuildFile; fileRef = 8BB4CBC22F4E9F2B0068B4B6 /* WellRead Firebase Service Info.plist */; };
		8BB4CBC62F4E9AEF0068B4B6 /* FirebaseAuth in Frameworks */ = {isa = PBXBuildFile; productRef = 8BE1FABF2F4E8A70006ED44D /* FirebaseAuth */; };
		8BB4CBC72F4E9AEF0068B4B6 /* FirebaseFirestore in Frameworks */ = {isa = PBXBuildFile; productRef = 8BE1FAC32F4E8A70006ED44D /* FirebaseFirestore */; };
		8BB4CBC82F4E8B00006ED44D /* GoogleSignIn in Frameworks */ = {isa = PBXBuildFile; productRef = 8BE1FAC22F4E8B00006ED44D /* GoogleSignIn */; };
		B0010001 /* WellReadApp.swift in Sources */ = {isa = PBXBuildFile; fileRef = F0010001 /* WellReadApp.swift */; };
		B0010002 /* RootView.swift in Sources */ = {isa = PBXBuildFile; fileRef = F0010002 /* RootView.swift */; };
		B0010003 /* AppState.swift in Sources */ = {isa = PBXBuildFile; fileRef = F0010003 /* AppState.swift */; };
		B0010004 /* Theme.swift in Sources */ = {isa = PBXBuildFile; fileRef = F0010004 /* Theme.swift */; };
		B0010005 /* User.swift in Sources */ = {isa = PBXBuildFile; fileRef = F0010005 /* User.swift */; };
		B0010006 /* Book.swift in Sources */ = {isa = PBXBuildFile; fileRef = F0010006 /* Book.swift */; };
		B0010007 /* Comment.swift in Sources */ = {isa = PBXBuildFile; fileRef = F0010007 /* Comment.swift */; };
		B0010008 /* Post.swift in Sources */ = {isa = PBXBuildFile; fileRef = F0010008 /* Post.swift */; };
		B0010009 /* UserBook.swift in Sources */ = {isa = PBXBuildFile; fileRef = F0010009 /* UserBook.swift */; };
		B001000A /* GoogleBooksService.swift in Sources */ = {isa = PBXBuildFile; fileRef = F001000A /* GoogleBooksService.swift */; };
		B001000B /* MainTabView.swift in Sources */ = {isa = PBXBuildFile; fileRef = F001000B /* MainTabView.swift */; };
		B001000C /* OnboardingFlowView.swift in Sources */ = {isa = PBXBuildFile; fileRef = F001000C /* OnboardingFlowView.swift */; };
		B0010029 /* ReviewerLoginView.swift in Sources */ = {isa = PBXBuildFile; fileRef = F0010029 /* ReviewerLoginView.swift */; };
		B001000D /* AddBookFlowView.swift in Sources */ = {isa = PBXBuildFile; fileRef = F001000D /* AddBookFlowView.swift */; };
		B001000E /* BookSearchRow.swift in Sources */ = {isa = PBXBuildFile; fileRef = F001000E /* BookSearchRow.swift */; };
		B001000F /* BookCoverView.swift in Sources */ = {isa = PBXBuildFile; fileRef = F001000F /* BookCoverView.swift */; };
		B0010010 /* FeedView.swift in Sources */ = {isa = PBXBuildFile; fileRef = F0010010 /* FeedView.swift */; };
		B0010011 /* DiscoverView.swift in Sources */ = {isa = PBXBuildFile; fileRef = F0010011 /* DiscoverView.swift */; };
		B0010012 /* LibraryView.swift in Sources */ = {isa = PBXBuildFile; fileRef = F0010012 /* LibraryView.swift */; };
		B0010013 /* GridLibraryView.swift in Sources */ = {isa = PBXBuildFile; fileRef = F0010013 /* GridLibraryView.swift */; };
		B0010014 /* RatingLibraryView.swift in Sources */ = {isa = PBXBuildFile; fileRef = F0010014 /* RatingLibraryView.swift */; };
		B0010015 /* TierListView.swift in Sources */ = {isa = PBXBuildFile; fileRef = F0010015 /* TierListView.swift */; };
		B0010016 /* TimelineLibraryView.swift in Sources */ = {isa = PBXBuildFile; fileRef = F0010016 /* TimelineLibraryView.swift */; };
		B0010017 /* ProfileView.swift in Sources */ = {isa = PBXBuildFile; fileRef = F0010017 /* ProfileView.swift */; };
		B0010018 /* Assets.xcassets in Resources */ = {isa = PBXBuildFile; fileRef = F0010019 /* Assets.xcassets */; };
		B0010019 /* (null) in Resources */ = {isa = PBXBuildFile; };
		B001001A /* WellRead/GoogleService-Info.plist in Resources */ = {isa = PBXBuildFile; fileRef = 8BE1FAC02F4E8A70006ED44D /* WellRead/GoogleService-Info.plist */; };
		B0010020 /* AuthService.swift in Sources */ = {isa = PBXBuildFile; fileRef = F0010020 /* AuthService.swift */; };
		B0010021 /* UserRepository.swift in Sources */ = {isa = PBXBuildFile; fileRef = F0010021 /* UserRepository.swift */; };
		B0010022 /* RootViewController.swift in Sources */ = {isa = PBXBuildFile; fileRef = F0010022 /* RootViewController.swift */; };
		B0010023 /* BookRepository.swift in Sources */ = {isa = PBXBuildFile; fileRef = F0010023 /* BookRepository.swift */; };
		B0010024 /* UserBookRepository.swift in Sources */ = {isa = PBXBuildFile; fileRef = F0010024 /* UserBookRepository.swift */; };
		B0010025 /* PostRepository.swift in Sources */ = {isa = PBXBuildFile; fileRef = F0010025 /* PostRepository.swift */; };
		B0010026 /* CommentRepository.swift in Sources */ = {isa = PBXBuildFile; fileRef = F0010026 /* CommentRepository.swift */; };
		B0010027 /* ApiKeys.swift in Sources */ = {isa = PBXBuildFile; fileRef = F0010027 /* ApiKeys.swift */; };
		B0010028 /* ClaudeService.swift in Sources */ = {isa = PBXBuildFile; fileRef = F0010028 /* ClaudeService.swift */; };
		B001002A /* LocalLibraryCache.swift in Sources */ = {isa = PBXBuildFile; fileRef = F001002A /* LocalLibraryCache.swift */; };
		B001002B /* BookProfileView.swift in Sources */ = {isa = PBXBuildFile; fileRef = F001002B /* BookProfileView.swift */; };
/* End PBXBuildFile section */

/* Begin PBXFileReference section */
		8B7B90EB2F54C72300B7FB0C /* Secrets.plist */ = {isa = PBXFileReference; lastKnownFileType = text.plist.xml; path = Secrets.plist; sourceTree = "<group>"; };
		8BB4CBC22F4E9F2B0068B4B6 /* WellRead Firebase Service Info.plist */ = {isa = PBXFileReference; lastKnownFileType = text.plist.xml; path = "WellRead Firebase Service Info.plist"; sourceTree = "<group>"; };
		8BB4CBC42F4EA0910068B4B6 /* WellRead.entitlements */ = {isa = PBXFileReference; lastKnownFileType = text.plist.entitlements; path = WellRead.entitlements; sourceTree = "<group>"; };
		8BE1FAC02F4E8A70006ED44D /* WellRead/GoogleService-Info.plist */ = {isa = PBXFileReference; lastKnownFileType = text.plist.xml; path = "WellRead/GoogleService-Info.plist"; sourceTree = "<group>"; };
		E0010000 /* WellRead.app */ = {isa = PBXFileReference; explicitFileType = wrapper.application; includeInIndex = 0; path = WellRead.app; sourceTree = BUILT_PRODUCTS_DIR; };
		F0010001 /* WellReadApp.swift */ = {isa = PBXFileReference; lastKnownFileType = sourcecode.swift; path = WellReadApp.swift; sourceTree = "<group>"; };
		F0010002 /* RootView.swift */ = {isa = PBXFileReference; lastKnownFileType = sourcecode.swift; path = RootView.swift; sourceTree = "<group>"; };
		F0010003 /* AppState.swift */ = {isa = PBXFileReference; lastKnownFileType = sourcecode.swift; path = AppState.swift; sourceTree = "<group>"; };
		F0010004 /* Theme.swift */ = {isa = PBXFileReference; lastKnownFileType = sourcecode.swift; path = Theme.swift; sourceTree = "<group>"; };
		F0010005 /* User.swift */ = {isa = PBXFileReference; lastKnownFileType = sourcecode.swift; path = User.swift; sourceTree = "<group>"; };
		F0010006 /* Book.swift */ = {isa = PBXFileReference; lastKnownFileType = sourcecode.swift; path = Book.swift; sourceTree = "<group>"; };
		F0010007 /* Comment.swift */ = {isa = PBXFileReference; lastKnownFileType = sourcecode.swift; path = Comment.swift; sourceTree = "<group>"; };
		F0010008 /* Post.swift */ = {isa = PBXFileReference; lastKnownFileType = sourcecode.swift; path = Post.swift; sourceTree = "<group>"; };
		F0010009 /* UserBook.swift */ = {isa = PBXFileReference; lastKnownFileType = sourcecode.swift; path = UserBook.swift; sourceTree = "<group>"; };
		F001000A /* GoogleBooksService.swift */ = {isa = PBXFileReference; lastKnownFileType = sourcecode.swift; path = GoogleBooksService.swift; sourceTree = "<group>"; };
		F001000B /* MainTabView.swift */ = {isa = PBXFileReference; lastKnownFileType = sourcecode.swift; path = MainTabView.swift; sourceTree = "<group>"; };
		F001000C /* OnboardingFlowView.swift */ = {isa = PBXFileReference; lastKnownFileType = sourcecode.swift; path = OnboardingFlowView.swift; sourceTree = "<group>"; };
		F0010029 /* ReviewerLoginView.swift */ = {isa = PBXFileReference; lastKnownFileType = sourcecode.swift; path = ReviewerLoginView.swift; sourceTree = "<group>"; };
		F001000D /* AddBookFlowView.swift */ = {isa = PBXFileReference; lastKnownFileType = sourcecode.swift; path = AddBookFlowView.swift; sourceTree = "<group>"; };
		F001000E /* BookSearchRow.swift */ = {isa = PBXFileReference; lastKnownFileType = sourcecode.swift; path = BookSearchRow.swift; sourceTree = "<group>"; };
		F001000F /* BookCoverView.swift */ = {isa = PBXFileReference; lastKnownFileType = sourcecode.swift; path = BookCoverView.swift; sourceTree = "<group>"; };
		F0010010 /* FeedView.swift */ = {isa = PBXFileReference; lastKnownFileType = sourcecode.swift; path = FeedView.swift; sourceTree = "<group>"; };
		F0010011 /* DiscoverView.swift */ = {isa = PBXFileReference; lastKnownFileType = sourcecode.swift; path = DiscoverView.swift; sourceTree = "<group>"; };
		F0010012 /* LibraryView.swift */ = {isa = PBXFileReference; lastKnownFileType = sourcecode.swift; path = LibraryView.swift; sourceTree = "<group>"; };
		F0010013 /* GridLibraryView.swift */ = {isa = PBXFileReference; lastKnownFileType = sourcecode.swift; path = GridLibraryView.swift; sourceTree = "<group>"; };
		F0010014 /* RatingLibraryView.swift */ = {isa = PBXFileReference; lastKnownFileType = sourcecode.swift; path = RatingLibraryView.swift; sourceTree = "<group>"; };
		F0010015 /* TierListView.swift */ = {isa = PBXFileReference; lastKnownFileType = sourcecode.swift; path = TierListView.swift; sourceTree = "<group>"; };
		F0010016 /* TimelineLibraryView.swift */ = {isa = PBXFileReference; lastKnownFileType = sourcecode.swift; path = TimelineLibraryView.swift; sourceTree = "<group>"; };
		F0010017 /* ProfileView.swift */ = {isa = PBXFileReference; lastKnownFileType = sourcecode.swift; path = ProfileView.swift; sourceTree = "<group>"; };
		F0010018 /* Info.plist */ = {isa = PBXFileReference; lastKnownFileType = text.plist.xml; path = Info.plist; sourceTree = "<group>"; };
		F0010019 /* Assets.xcassets */ = {isa = PBXFileReference; lastKnownFileType = folder.assetcatalog; path = Assets.xcassets; sourceTree = "<group>"; };
		F0010020 /* AuthService.swift */ = {isa = PBXFileReference; lastKnownFileType = sourcecode.swift; path = AuthService.swift; sourceTree = "<group>"; };
		F0010021 /* UserRepository.swift */ = {isa = PBXFileReference; lastKnownFileType = sourcecode.swift; path = UserRepository.swift; sourceTree = "<group>"; };
		F0010022 /* RootViewController.swift */ = {isa = PBXFileReference; lastKnownFileType = sourcecode.swift; path = RootViewController.swift; sourceTree = "<group>"; };
		F0010023 /* BookRepository.swift */ = {isa = PBXFileReference; lastKnownFileType = sourcecode.swift; path = BookRepository.swift; sourceTree = "<group>"; };
		F0010024 /* UserBookRepository.swift */ = {isa = PBXFileReference; lastKnownFileType = sourcecode.swift; path = UserBookRepository.swift; sourceTree = "<group>"; };
		F0010025 /* PostRepository.swift */ = {isa = PBXFileReference; lastKnownFileType = sourcecode.swift; path = PostRepository.swift; sourceTree = "<group>"; };
		F0010026 /* CommentRepository.swift */ = {isa = PBXFileReference; lastKnownFileType = sourcecode.swift; path = CommentRepository.swift; sourceTree = "<group>"; };
		F0010027 /* ApiKeys.swift */ = {isa = PBXFileReference; lastKnownFileType = sourcecode.swift; path = ApiKeys.swift; sourceTree = "<group>"; };
		F0010028 /* ClaudeService.swift */ = {isa = PBXFileReference; lastKnownFileType = sourcecode.swift; path = ClaudeService.swift; sourceTree = "<group>"; };
		F001002A /* LocalLibraryCache.swift */ = {isa = PBXFileReference; lastKnownFileType = sourcecode.swift; path = LocalLibraryCache.swift; sourceTree = "<group>"; };
		F001002B /* BookProfileView.swift */ = {isa = PBXFileReference; lastKnownFileType = sourcecode.swift; path = BookProfileView.swift; sourceTree = "<group>"; };
/* End PBXFileReference section */

/* Begin PBXFrameworksBuildPhase section */
		C0010001 /* Frameworks */ = {
			isa = PBXFrameworksBuildPhase;
			buildActionMask = 2147483647;
			files = (
				8BB4CBC02F4E9AEF0068B4B6 /* FirebaseCore in Frameworks */,
				8BB4CBC62F4E9AEF0068B4B6 /* FirebaseAuth in Frameworks */,
				8BB4CBC72F4E9AEF0068B4B6 /* FirebaseFirestore in Frameworks */,
				8BB4CBC82F4E8B00006ED44D /* GoogleSignIn in Frameworks */,
			);
			runOnlyForDeploymentPostprocessing = 0;
		};
/* End PBXFrameworksBuildPhase section */

/* Begin PBXGroup section */
		8BB4CBC12F4E9AEF0068B4B6 /* Recovered References */ = {
			isa = PBXGroup;
			children = (
				8BE1FAC02F4E8A70006ED44D /* WellRead/GoogleService-Info.plist */,
			);
			name = "Recovered References";
			sourceTree = "<group>";
		};
		G0010000 = {
			isa = PBXGroup;
			children = (
				8B7B90EB2F54C72300B7FB0C /* Secrets.plist */,
				G0010001 /* WellRead */,
				G0010002 /* Products */,
				8BB4CBC12F4E9AEF0068B4B6 /* Recovered References */,
			);
			sourceTree = "<group>";
		};
		G0010001 /* WellRead */ = {
			isa = PBXGroup;
			children = (
				8BB4CBC42F4EA0910068B4B6 /* WellRead.entitlements */,
				F0010001 /* WellReadApp.swift */,
				F0010002 /* RootView.swift */,
				F0010018 /* Info.plist */,
				F0010019 /* Assets.xcassets */,
				G0010003 /* AppState */,
				G0010004 /* Models */,
				G0010005 /* Theme */,
				G0010006 /* Services */,
				G0010010 /* Helpers */,
				G0010007 /* Views */,
				8BB4CBC22F4E9F2B0068B4B6 /* WellRead Firebase Service Info.plist */,
			);
			path = WellRead;
			sourceTree = "<group>";
		};
		G0010002 /* Products */ = {
			isa = PBXGroup;
			children = (
				E0010000 /* WellRead.app */,
			);
			name = Products;
			sourceTree = "<group>";
		};
		G0010003 /* AppState */ = {
			isa = PBXGroup;
			children = (
				F0010003 /* AppState.swift */,
			);
			path = AppState;
			sourceTree = "<group>";
		};
		G0010004 /* Models */ = {
			isa = PBXGroup;
			children = (
				F0010005 /* User.swift */,
				F0010006 /* Book.swift */,
				F0010009 /* UserBook.swift */,
				F0010008 /* Post.swift */,
				F0010007 /* Comment.swift */,
			);
			path = Models;
			sourceTree = "<group>";
		};
		G0010005 /* Theme */ = {
			isa = PBXGroup;
			children = (
				F0010004 /* Theme.swift */,
			);
			path = Theme;
			sourceTree = "<group>";
		};
		G0010006 /* Services */ = {
			isa = PBXGroup;
			children = (
				F001000A /* GoogleBooksService.swift */,
				F0010027 /* ApiKeys.swift */,
				F0010028 /* ClaudeService.swift */,
				F0010020 /* AuthService.swift */,
				F0010021 /* UserRepository.swift */,
				F0010023 /* BookRepository.swift */,
				F0010024 /* UserBookRepository.swift */,
				F0010025 /* PostRepository.swift */,
				F0010026 /* CommentRepository.swift */,
				F001002A /* LocalLibraryCache.swift */,
			);
			path = Services;
			sourceTree = "<group>";
		};
		G0010007 /* Views */ = {
			isa = PBXGroup;
			children = (
				F001000B /* MainTabView.swift */,
				G0010008 /* Onboarding */,
				G0010009 /* AddBook */,
				G0010011 /* Book */,
				G001000A /* Components */,
				G001000B /* Feed */,
				G001000C /* Discover */,
				G001000D /* Library */,
				G001000E /* Profile */,
			);
			path = Views;
			sourceTree = "<group>";
		};
		G0010011 /* Book */ = {
			isa = PBXGroup;
			children = (
				F001002B /* BookProfileView.swift */,
			);
			path = Book;
			sourceTree = "<group>";
		};
		G0010008 /* Onboarding */ = {
			isa = PBXGroup;
			children = (
				F001000C /* OnboardingFlowView.swift */,
				F0010029 /* ReviewerLoginView.swift */,
			);
			path = Onboarding;
			sourceTree = "<group>";
		};
		G0010009 /* AddBook */ = {
			isa = PBXGroup;
			children = (
				F001000D /* AddBookFlowView.swift */,
				F001000E /* BookSearchRow.swift */,
			);
			path = AddBook;
			sourceTree = "<group>";
		};
		G001000A /* Components */ = {
			isa = PBXGroup;
			children = (
				F001000F /* BookCoverView.swift */,
			);
			path = Components;
			sourceTree = "<group>";
		};
		G001000B /* Feed */ = {
			isa = PBXGroup;
			children = (
				F0010010 /* FeedView.swift */,
			);
			path = Feed;
			sourceTree = "<group>";
		};
		G001000C /* Discover */ = {
			isa = PBXGroup;
			children = (
				F0010011 /* DiscoverView.swift */,
			);
			path = Discover;
			sourceTree = "<group>";
		};
		G001000D /* Library */ = {
			isa = PBXGroup;
			children = (
				F0010012 /* LibraryView.swift */,
				F0010013 /* GridLibraryView.swift */,
				F0010016 /* TimelineLibraryView.swift */,
				F0010014 /* RatingLibraryView.swift */,
				F0010015 /* TierListView.swift */,
			);
			path = Library;
			sourceTree = "<group>";
		};
		G001000E /* Profile */ = {
			isa = PBXGroup;
			children = (
				F0010017 /* ProfileView.swift */,
			);
			path = Profile;
			sourceTree = "<group>";
		};
		G0010010 /* Helpers */ = {
			isa = PBXGroup;
			children = (
				F0010022 /* RootViewController.swift */,
			);
			path = Helpers;
			sourceTree = "<group>";
		};
/* End PBXGroup section */

/* Begin PBXNativeTarget section */
		T0010001 /* WellRead */ = {
			isa = PBXNativeTarget;
			buildConfigurationList = C0020001 /* Build configuration list for PBXNativeTarget "WellRead" */;
			buildPhases = (
				C0010002 /* Sources */,
				C0010001 /* Frameworks */,
				C0010003 /* Resources */,
			);
			buildRules = (
			);
			dependencies = (
			);
			name = WellRead;
			packageProductDependencies = (
				8BE1FABE2F4E8A70006ED44D /* FirebaseCore */,
				8BE1FABF2F4E8A70006ED44D /* FirebaseAuth */,
				8BE1FAC32F4E8A70006ED44D /* FirebaseFirestore */,
				8BE1FAC22F4E8B00006ED44D /* GoogleSignIn */,
			);
			productName = WellRead;
			productReference = E0010000 /* WellRead.app */;
			productType = "com.apple.product-type.application";
		};
/* End PBXNativeTarget section */

/* Begin PBXProject section */
		P0010001 /* Project object */ = {
			isa = PBXProject;
			attributes = {
				BuildIndependentTargetsInParallel = 1;
				LastSwiftUpdateCheck = 1500;
				LastUpgradeCheck = 1500;
			};
			buildConfigurationList = C0020002 /* Build configuration list for PBXProject "WellRead" */;
			compatibilityVersion = "Xcode 14.0";
			developmentRegion = en;
			hasScannedForEncodings = 0;
			knownRegions = (
				en,
				Base,
			);
			mainGroup = G0010000;
			packageReferences = (
				8BE1FABD2F4E8A70006ED44D /* XCRemoteSwiftPackageReference "firebase-ios-sdk" */,
				8BE1FAC12F4E8B00006ED44D /* XCRemoteSwiftPackageReference "GoogleSignIn-iOS" */,
			);
			productRefGroup = G0010002 /* Products */;
			projectDirPath = "";
			projectRoot = "";
			targets = (
				T0010001 /* WellRead */,
			);
		};
/* End PBXProject section */

/* Begin PBXResourcesBuildPhase section */
		C0010003 /* Resources */ = {
			isa = PBXResourcesBuildPhase;
			buildActionMask = 2147483647;
			files = (
				8B7B90EC2F54C77000B7FB0C /* Secrets.plist in Resources */,
				B0010018 /* Assets.xcassets in Resources */,
				B0010019 /* (null) in Resources */,
				B001001A /* WellRead/GoogleService-Info.plist in Resources */,
				8BB4CBC32F4E9F2B0068B4B6 /* WellRead Firebase Service Info.plist in Resources */,
			);
			runOnlyForDeploymentPostprocessing = 0;
		};
/* End PBXResourcesBuildPhase section */

/* Begin PBXSourcesBuildPhase section */
		C0010002 /* Sources */ = {
			isa = PBXSourcesBuildPhase;
			buildActionMask = 2147483647;
			files = (
				B0010001 /* WellReadApp.swift in Sources */,
				B0010002 /* RootView.swift in Sources */,
				B0010003 /* AppState.swift in Sources */,
				B0010004 /* Theme.swift in Sources */,
				B0010005 /* User.swift in Sources */,
				B0010006 /* Book.swift in Sources */,
				B0010007 /* Comment.swift in Sources */,
				B0010008 /* Post.swift in Sources */,
				B0010009 /* UserBook.swift in Sources */,
				B001000A /* GoogleBooksService.swift in Sources */,
				B001000B /* MainTabView.swift in Sources */,
				B001000C /* OnboardingFlowView.swift in Sources */,
				B0010029 /* ReviewerLoginView.swift in Sources */,
				B001000D /* AddBookFlowView.swift in Sources */,
				B001000E /* BookSearchRow.swift in Sources */,
				B001000F /* BookCoverView.swift in Sources */,
				B0010010 /* FeedView.swift in Sources */,
				B0010011 /* DiscoverView.swift in Sources */,
				B0010012 /* LibraryView.swift in Sources */,
				B0010013 /* GridLibraryView.swift in Sources */,
				B0010014 /* RatingLibraryView.swift in Sources */,
				B0010015 /* TierListView.swift in Sources */,
				B0010016 /* TimelineLibraryView.swift in Sources */,
				B0010017 /* ProfileView.swift in Sources */,
				B0010020 /* AuthService.swift in Sources */,
				B0010021 /* UserRepository.swift in Sources */,
				B0010022 /* RootViewController.swift in Sources */,
				B0010023 /* BookRepository.swift in Sources */,
				B0010024 /* UserBookRepository.swift in Sources */,
				B0010025 /* PostRepository.swift in Sources */,
				B0010026 /* CommentRepository.swift in Sources */,
				B0010027 /* ApiKeys.swift in Sources */,
				B0010028 /* ClaudeService.swift in Sources */,
				B001002A /* LocalLibraryCache.swift in Sources */,
				B001002B /* BookProfileView.swift in Sources */,
			);
			runOnlyForDeploymentPostprocessing = 0;
		};
/* End PBXSourcesBuildPhase section */

/* Begin XCBuildConfiguration section */
		X0010001 /* Debug */ = {
			isa = XCBuildConfiguration;
			buildSettings = {
				ALWAYS_SEARCH_USER_PATHS = NO;
				ASSETCATALOG_COMPILER_GENERATE_SWIFT_ASSET_SYMBOL_EXTENSIONS = YES;
				CLANG_ANALYZER_NONNULL = YES;
				CLANG_ENABLE_MODULES = YES;
				COPY_PHASE_STRIP = NO;
				DEBUG_INFORMATION_FORMAT = dwarf;
				ENABLE_STRICT_OBJC_MSGSEND = YES;
				ENABLE_TESTABILITY = YES;
				GCC_DYNAMIC_NO_PIC = NO;
				GCC_OPTIMIZATION_LEVEL = 0;
				GCC_PREPROCESSOR_DEFINITIONS = (
					"DEBUG=1",
					"$(inherited)",
				);
				IPHONEOS_DEPLOYMENT_TARGET = 17.0;
				MTL_ENABLE_DEBUG_INFO = INCLUDE_SOURCE;
				MTL_FAST_MATH = YES;
				ONLY_ACTIVE_ARCH = YES;
				SWIFT_ACTIVE_COMPILATION_CONDITIONS = "DEBUG $(inherited)";
				SWIFT_OPTIMIZATION_LEVEL = "-Onone";
			};
			name = Debug;
		};
		X0010002 /* Release */ = {
			isa = XCBuildConfiguration;
			buildSettings = {
				ALWAYS_SEARCH_USER_PATHS = NO;
				ASSETCATALOG_COMPILER_GENERATE_SWIFT_ASSET_SYMBOL_EXTENSIONS = YES;
				CLANG_ANALYZER_NONNULL = YES;
				CLANG_ENABLE_MODULES = YES;
				COPY_PHASE_STRIP = NO;
				DEBUG_INFORMATION_FORMAT = "dwarf-with-dsym";
				ENABLE_NS_ASSERTIONS = NO;
				ENABLE_STRICT_OBJC_MSGSEND = YES;
				GCC_OPTIMIZATION_LEVEL = s;
				IPHONEOS_DEPLOYMENT_TARGET = 17.0;
				MTL_ENABLE_DEBUG_INFO = NO;
				MTL_FAST_MATH = YES;
				SWIFT_COMPILATION_MODE = wholemodule;
			};
			name = Release;
		};
		X0010003 /* Debug */ = {
			isa = XCBuildConfiguration;
			buildSettings = {
				ASSETCATALOG_COMPILER_APPICON_NAME = AppIcon;
				ASSETCATALOG_COMPILER_GLOBAL_ACCENT_COLOR_NAME = AccentColor;
				CODE_SIGN_ENTITLEMENTS = WellRead/WellRead.entitlements;
				CODE_SIGN_STYLE = Automatic;
				CURRENT_PROJECT_VERSION = 1;
				DEVELOPMENT_TEAM = T32N9X64JM;
				GENERATE_INFOPLIST_FILE = NO;
				INFOPLIST_FILE = WellRead/Info.plist;
				INFOPLIST_KEY_UIApplicationSupportsIndirectInputEvents = YES;
				LD_RUNPATH_SEARCH_PATHS = (
					"$(inherited)",
					"@executable_path/Frameworks",
				);
				MARKETING_VERSION = 1.0;
				PRODUCT_BUNDLE_IDENTIFIER = com.wellread.app;
				PRODUCT_NAME = "$(TARGET_NAME)";
				SDKROOT = iphoneos;
				SWIFT_EMIT_LOC_STRINGS = YES;
				SWIFT_VERSION = 5.0;
				TARGETED_DEVICE_FAMILY = 1;
			};
			name = Debug;
		};
		X0010004 /* Release */ = {
			isa = XCBuildConfiguration;
			buildSettings = {
				ASSETCATALOG_COMPILER_APPICON_NAME = AppIcon;
				ASSETCATALOG_COMPILER_GLOBAL_ACCENT_COLOR_NAME = AccentColor;
				CODE_SIGN_ENTITLEMENTS = WellRead/WellRead.entitlements;
				CODE_SIGN_STYLE = Automatic;
				CURRENT_PROJECT_VERSION = 1;
				DEVELOPMENT_TEAM = T32N9X64JM;
				GENERATE_INFOPLIST_FILE = NO;
				INFOPLIST_FILE = WellRead/Info.plist;
				INFOPLIST_KEY_UIApplicationSupportsIndirectInputEvents = YES;
				LD_RUNPATH_SEARCH_PATHS = (
					"$(inherited)",
					"@executable_path/Frameworks",
				);
				MARKETING_VERSION = 1.0;
				PRODUCT_BUNDLE_IDENTIFIER = com.wellread.app;
				PRODUCT_NAME = "$(TARGET_NAME)";
				SDKROOT = iphoneos;
				SWIFT_EMIT_LOC_STRINGS = YES;
				SWIFT_VERSION = 5.0;
				TARGETED_DEVICE_FAMILY = 1;
			};
			name = Release;
		};
/* End XCBuildConfiguration section */

/* Begin XCConfigurationList section */
		C0020001 /* Build configuration list for PBXNativeTarget "WellRead" */ = {
			isa = XCConfigurationList;
			buildConfigurations = (
				X0010003 /* Debug */,
				X0010004 /* Release */,
			);
			defaultConfigurationIsVisible = 0;
			defaultConfigurationName = Release;
		};
		C0020002 /* Build configuration list for PBXProject "WellRead" */ = {
			isa = XCConfigurationList;
			buildConfigurations = (
				X0010001 /* Debug */,
				X0010002 /* Release */,
			);
			defaultConfigurationIsVisible = 0;
			defaultConfigurationName = Release;
		};
/* End XCConfigurationList section */

/* Begin XCRemoteSwiftPackageReference section */
		8BE1FABD2F4E8A70006ED44D /* XCRemoteSwiftPackageReference "firebase-ios-sdk" */ = {
			isa = XCRemoteSwiftPackageReference;
			repositoryURL = "https://github.com/firebase/firebase-ios-sdk";
			requirement = {
				kind = upToNextMajorVersion;
				minimumVersion = 12.9.0;
			};
		};
		8BE1FAC12F4E8B00006ED44D /* XCRemoteSwiftPackageReference "GoogleSignIn-iOS" */ = {
			isa = XCRemoteSwiftPackageReference;
			repositoryURL = "https://github.com/google/GoogleSignIn-iOS";
			requirement = {
				kind = upToNextMajorVersion;
				minimumVersion = 8.0.0;
			};
		};
/* End XCRemoteSwiftPackageReference section */

/* Begin XCSwiftPackageProductDependency section */
		8BE1FABE2F4E8A70006ED44D /* FirebaseCore */ = {
			isa = XCSwiftPackageProductDependency;
			package = 8BE1FABD2F4E8A70006ED44D /* XCRemoteSwiftPackageReference "firebase-ios-sdk" */;
			productName = FirebaseCore;
		};
		8BE1FABF2F4E8A70006ED44D /* FirebaseAuth */ = {
			isa = XCSwiftPackageProductDependency;
			package = 8BE1FABD2F4E8A70006ED44D /* XCRemoteSwiftPackageReference "firebase-ios-sdk" */;
			productName = FirebaseAuth;
		};
		8BE1FAC22F4E8B00006ED44D /* GoogleSignIn */ = {
			isa = XCSwiftPackageProductDependency;
			package = 8BE1FAC12F4E8B00006ED44D /* XCRemoteSwiftPackageReference "GoogleSignIn-iOS" */;
			productName = GoogleSignIn;
		};
		8BE1FAC32F4E8A70006ED44D /* FirebaseFirestore */ = {
			isa = XCSwiftPackageProductDependency;
			package = 8BE1FABD2F4E8A70006ED44D /* XCRemoteSwiftPackageReference "firebase-ios-sdk" */;
			productName = FirebaseFirestore;
		};
/* End XCSwiftPackageProductDependency section */
	};
	rootObject = P0010001 /* Project object */;
}
